{
    "version": 3,
    "terraform_version": "0.11.10",
    "serial": 120,
    "lineage": "0a447258-6900-cb59-39ee-0e04616930ca",
    "modules": [
        {
            "path": [
                "root"
            ],
            "outputs": {
                "1 - Bastion SSH Login": {
                    "sensitive": false,
                    "type": "string",
                    "value": "ssh -i /home/opc/.ssh/id_rsa opc@129.146.47.98"
                },
                "2 - Bastion Commands after SSH login to watch installation process": {
                    "sensitive": false,
                    "type": "string",
                    "value": "\n\tsudo su -\n\tscreen -r\n\n"
                },
                "3 - Cloudera Manager Login Available after ~15m": {
                    "sensitive": false,
                    "type": "string",
                    "value": "http://129.146.140.238:7180/cmf/"
                },
                "INFO - Data Node Shape": {
                    "sensitive": false,
                    "type": "string",
                    "value": "BM.DenseIO2.52"
                }
            },
            "resources": {
                "data.oci_core_vnic.bastion_vnic": {
                    "type": "oci_core_vnic",
                    "depends_on": [
                        "data.oci_core_vnic_attachments.bastion_vnics"
                    ],
                    "primary": {
                        "id": "ocid1.vnic.oc1.phx.abyhqljt3xcepzq47x7ycdv3ghxaszjiv4ecubfx352wa4zsci7g6pfqhvgq",
                        "attributes": {
                            "availability_domain": "CNEW:PHX-AD-1",
                            "compartment_id": "ocid1.tenancy.oc1..aaaaaaaaci5g3zqpchxwmzlaoli4bxjxurrwrv3yqyhhddm5eh4kgksgfzoa",
                            "defined_tags.%": "0",
                            "display_name": "CDH Bastion1",
                            "freeform_tags.%": "0",
                            "hostname_label": "cdh-bastion1",
                            "id": "ocid1.vnic.oc1.phx.abyhqljt3xcepzq47x7ycdv3ghxaszjiv4ecubfx352wa4zsci7g6pfqhvgq",
                            "is_primary": "true",
                            "mac_address": "00:00:17:02:DC:5F",
                            "private_ip_address": "10.0.6.2",
                            "public_ip_address": "129.146.47.98",
                            "skip_source_dest_check": "true",
                            "state": "AVAILABLE",
                            "subnet_id": "ocid1.subnet.oc1.phx.aaaaaaaasvqt6fmpei5ppruwauxeo6bmdxexuzomhxftlcxeazwfu4muvtca",
                            "time_created": "2018-12-18 16:11:41.106 +0000 UTC",
                            "vnic_id": "ocid1.vnic.oc1.phx.abyhqljt3xcepzq47x7ycdv3ghxaszjiv4ecubfx352wa4zsci7g6pfqhvgq"
                        },
                        "meta": {},
                        "tainted": false
                    },
                    "deposed": [],
                    "provider": "provider.oci"
                },
                "data.oci_core_vnic.utility_node_vnic": {
                    "type": "oci_core_vnic",
                    "depends_on": [
                        "data.oci_core_vnic_attachments.utility_node_vnics"
                    ],
                    "primary": {
                        "id": "ocid1.vnic.oc1.phx.abyhqljtppj53464ft2f2nz6pjezlk2tah5kteragx3ebs3axqknuw7fuhjq",
                        "attributes": {
                            "availability_domain": "CNEW:PHX-AD-1",
                            "compartment_id": "ocid1.tenancy.oc1..aaaaaaaaci5g3zqpchxwmzlaoli4bxjxurrwrv3yqyhhddm5eh4kgksgfzoa",
                            "defined_tags.%": "0",
                            "display_name": "CDH Utility 1",
                            "freeform_tags.%": "0",
                            "hostname_label": "cdh-utility-1",
                            "id": "ocid1.vnic.oc1.phx.abyhqljtppj53464ft2f2nz6pjezlk2tah5kteragx3ebs3axqknuw7fuhjq",
                            "is_primary": "true",
                            "mac_address": "00:00:17:02:26:46",
                            "private_ip_address": "10.0.0.2",
                            "public_ip_address": "129.146.140.238",
                            "skip_source_dest_check": "false",
                            "state": "AVAILABLE",
                            "subnet_id": "ocid1.subnet.oc1.phx.aaaaaaaa6dp45ufgpwrgyca7oliyh4refmq53c5p7svwwkpdajxbgxkcxiia",
                            "time_created": "2018-12-18 16:11:42.369 +0000 UTC",
                            "vnic_id": "ocid1.vnic.oc1.phx.abyhqljtppj53464ft2f2nz6pjezlk2tah5kteragx3ebs3axqknuw7fuhjq"
                        },
                        "meta": {},
                        "tainted": false
                    },
                    "deposed": [],
                    "provider": "provider.oci"
                },
                "data.oci_core_vnic_attachments.bastion_vnics": {
                    "type": "oci_core_vnic_attachments",
                    "depends_on": [
                        "data.oci_identity_availability_domains.ADs",
                        "oci_core_instance.Bastion.*"
                    ],
                    "primary": {
                        "id": "2018-12-18 16:13:34.955020691 +0000 UTC",
                        "attributes": {
                            "availability_domain": "CNEW:PHX-AD-1",
                            "compartment_id": "ocid1.tenancy.oc1..aaaaaaaaci5g3zqpchxwmzlaoli4bxjxurrwrv3yqyhhddm5eh4kgksgfzoa",
                            "id": "2018-12-18 16:13:34.955020691 +0000 UTC",
                            "instance_id": "ocid1.instance.oc1.phx.abyhqljtl5v2i245lvw6xkypw5uffh5yhbs4fpphhb7q33x5l3vatt3pqpgq",
                            "vnic_attachments.#": "1",
                            "vnic_attachments.0.availability_domain": "CNEW:PHX-AD-1",
                            "vnic_attachments.0.compartment_id": "ocid1.tenancy.oc1..aaaaaaaaci5g3zqpchxwmzlaoli4bxjxurrwrv3yqyhhddm5eh4kgksgfzoa",
                            "vnic_attachments.0.create_vnic_details.#": "0",
                            "vnic_attachments.0.display_name": "",
                            "vnic_attachments.0.id": "ocid1.vnicattachment.oc1.phx.abyhqljtyvnzfyugq7y6lhql5zudr2oy5uvoxhrzd7tnbi22hf4ug7dxyk5q",
                            "vnic_attachments.0.instance_id": "ocid1.instance.oc1.phx.abyhqljtl5v2i245lvw6xkypw5uffh5yhbs4fpphhb7q33x5l3vatt3pqpgq",
                            "vnic_attachments.0.nic_index": "0",
                            "vnic_attachments.0.state": "ATTACHED",
                            "vnic_attachments.0.subnet_id": "ocid1.subnet.oc1.phx.aaaaaaaasvqt6fmpei5ppruwauxeo6bmdxexuzomhxftlcxeazwfu4muvtca",
                            "vnic_attachments.0.time_created": "2018-12-18 16:11:41.406 +0000 UTC",
                            "vnic_attachments.0.vlan_tag": "54",
                            "vnic_attachments.0.vnic_id": "ocid1.vnic.oc1.phx.abyhqljt3xcepzq47x7ycdv3ghxaszjiv4ecubfx352wa4zsci7g6pfqhvgq"
                        },
                        "meta": {},
                        "tainted": false
                    },
                    "deposed": [],
                    "provider": "provider.oci"
                },
                "data.oci_core_vnic_attachments.utility_node_vnics": {
                    "type": "oci_core_vnic_attachments",
                    "depends_on": [
                        "data.oci_identity_availability_domains.ADs",
                        "oci_core_instance.UtilityNode.*"
                    ],
                    "primary": {
                        "id": "2018-12-18 16:15:39.780597648 +0000 UTC",
                        "attributes": {
                            "availability_domain": "CNEW:PHX-AD-1",
                            "compartment_id": "ocid1.tenancy.oc1..aaaaaaaaci5g3zqpchxwmzlaoli4bxjxurrwrv3yqyhhddm5eh4kgksgfzoa",
                            "id": "2018-12-18 16:15:39.780597648 +0000 UTC",
                            "instance_id": "ocid1.instance.oc1.phx.abyhqljtpgkat4g253yjdx5bdbnj6626u75ph6rmr3nm2vcmx2ktlutz4z2q",
                            "vnic_attachments.#": "1",
                            "vnic_attachments.0.availability_domain": "CNEW:PHX-AD-1",
                            "vnic_attachments.0.compartment_id": "ocid1.tenancy.oc1..aaaaaaaaci5g3zqpchxwmzlaoli4bxjxurrwrv3yqyhhddm5eh4kgksgfzoa",
                            "vnic_attachments.0.create_vnic_details.#": "0",
                            "vnic_attachments.0.display_name": "",
                            "vnic_attachments.0.id": "ocid1.vnicattachment.oc1.phx.abyhqljt6tjv2ybfvcqq4nicc4qiz67ovwkc46fniiw3d5qczxzkwjln2o7a",
                            "vnic_attachments.0.instance_id": "ocid1.instance.oc1.phx.abyhqljtpgkat4g253yjdx5bdbnj6626u75ph6rmr3nm2vcmx2ktlutz4z2q",
                            "vnic_attachments.0.nic_index": "0",
                            "vnic_attachments.0.state": "ATTACHED",
                            "vnic_attachments.0.subnet_id": "ocid1.subnet.oc1.phx.aaaaaaaa6dp45ufgpwrgyca7oliyh4refmq53c5p7svwwkpdajxbgxkcxiia",
                            "vnic_attachments.0.time_created": "2018-12-18 16:11:42.509 +0000 UTC",
                            "vnic_attachments.0.vlan_tag": "1",
                            "vnic_attachments.0.vnic_id": "ocid1.vnic.oc1.phx.abyhqljtppj53464ft2f2nz6pjezlk2tah5kteragx3ebs3axqknuw7fuhjq"
                        },
                        "meta": {},
                        "tainted": false
                    },
                    "deposed": [],
                    "provider": "provider.oci"
                },
                "data.oci_identity_availability_domains.ADs": {
                    "type": "oci_identity_availability_domains",
                    "depends_on": [],
                    "primary": {
                        "id": "2018-12-18 16:11:33.77285525 +0000 UTC",
                        "attributes": {
                            "availability_domains.#": "3",
                            "availability_domains.0.compartment_id": "ocid1.tenancy.oc1..aaaaaaaaci5g3zqpchxwmzlaoli4bxjxurrwrv3yqyhhddm5eh4kgksgfzoa",
                            "availability_domains.0.name": "CNEW:PHX-AD-1",
                            "availability_domains.1.compartment_id": "ocid1.tenancy.oc1..aaaaaaaaci5g3zqpchxwmzlaoli4bxjxurrwrv3yqyhhddm5eh4kgksgfzoa",
                            "availability_domains.1.name": "CNEW:PHX-AD-2",
                            "availability_domains.2.compartment_id": "ocid1.tenancy.oc1..aaaaaaaaci5g3zqpchxwmzlaoli4bxjxurrwrv3yqyhhddm5eh4kgksgfzoa",
                            "availability_domains.2.name": "CNEW:PHX-AD-3",
                            "compartment_id": "ocid1.tenancy.oc1..aaaaaaaaci5g3zqpchxwmzlaoli4bxjxurrwrv3yqyhhddm5eh4kgksgfzoa",
                            "id": "2018-12-18 16:11:33.77285525 +0000 UTC"
                        },
                        "meta": {},
                        "tainted": false
                    },
                    "deposed": [],
                    "provider": "provider.oci"
                },
                "null_resource.cdh-setup": {
                    "type": "null_resource",
                    "depends_on": [
                        "data.oci_core_vnic.bastion_vnic",
                        "oci_core_instance.Bastion",
                        "oci_core_instance.MasterNode",
                        "oci_core_instance.UtilityNode",
                        "oci_core_instance.WorkerNode"
                    ],
                    "primary": {
                        "id": "8550794168810701103",
                        "attributes": {
                            "id": "8550794168810701103"
                        },
                        "meta": {},
                        "tainted": false
                    },
                    "deposed": [],
                    "provider": "provider.null"
                },
                "oci_core_instance.Bastion": {
                    "type": "oci_core_instance",
                    "depends_on": [
                        "data.oci_identity_availability_domains.ADs",
                        "oci_core_subnet.bastion.*"
                    ],
                    "primary": {
                        "id": "ocid1.instance.oc1.phx.abyhqljtl5v2i245lvw6xkypw5uffh5yhbs4fpphhb7q33x5l3vatt3pqpgq",
                        "attributes": {
                            "availability_domain": "CNEW:PHX-AD-1",
                            "boot_volume_id": "ocid1.bootvolume.oc1.phx.abyhqljtkebj6au4ej5or75rzzxoaixdqwf2iztbdmmdvxkeepiqe2hdtdna",
                            "compartment_id": "ocid1.tenancy.oc1..aaaaaaaaci5g3zqpchxwmzlaoli4bxjxurrwrv3yqyhhddm5eh4kgksgfzoa",
                            "create_vnic_details.#": "1",
                            "create_vnic_details.0.assign_public_ip": "true",
                            "create_vnic_details.0.defined_tags.%": "0",
                            "create_vnic_details.0.display_name": "CDH Bastion1",
                            "create_vnic_details.0.freeform_tags.%": "0",
                            "create_vnic_details.0.hostname_label": "cdh-bastion1",
                            "create_vnic_details.0.private_ip": "10.0.6.2",
                            "create_vnic_details.0.skip_source_dest_check": "true",
                            "create_vnic_details.0.subnet_id": "ocid1.subnet.oc1.phx.aaaaaaaasvqt6fmpei5ppruwauxeo6bmdxexuzomhxftlcxeazwfu4muvtca",
                            "defined_tags.%": "0",
                            "display_name": "CDH Bastion1",
                            "fault_domain": "FAULT-DOMAIN-2",
                            "freeform_tags.%": "0",
                            "hostname_label": "cdh-bastion1",
                            "id": "ocid1.instance.oc1.phx.abyhqljtl5v2i245lvw6xkypw5uffh5yhbs4fpphhb7q33x5l3vatt3pqpgq",
                            "image": "ocid1.image.oc1.phx.aaaaaaaapnnv2phiyw7apcgtg6kmn572b2mux56ll6j6mck5xti3aw4bnwrq",
                            "launch_mode": "NATIVE",
                            "launch_options.#": "1",
                            "launch_options.0.boot_volume_type": "ISCSI",
                            "launch_options.0.firmware": "UEFI_64",
                            "launch_options.0.network_type": "VFIO",
                            "launch_options.0.remote_data_volume_type": "PARAVIRTUALIZED",
                            "metadata.%": "2",
                            "metadata.ssh_authorized_keys": "ssh-rsa AAAAB3NzaC1yc2EAAAADAQABAAABAQDJCc/AZ+pQ0EMCxf6i+YeqwZwNgeH8D1dnPexMnXulLzeDeirmP+0PdWNdJbC6jPcKxxa3NVbLtEW1VlOWxOQ39t27zpJuJEXhbNOIqNQha2QQhG6gsnDUAywCb8fHgUxJGA9Ultkh1wXRvR53linVcg2SAkR8hryfa8IfseyUVpG0fyn95uBMI1qKlACc0DfA2zBmhfS/ji6XF6Eai8vJfTUlwx+YuuBtVu0JkLWA9GLrnjySaQqNnV/Gb0kAbFOt5GnUlCd3vJs8vWptDtVQo/D86kMSLTk2w+jQ91lYQwUc9F6i6BtgV1GOm8cDURiPlg3pqo3UgslKrtFwvIA3 opc@instance-20181122-1450",
                            "metadata.user_data": "IyEvYmluL2Jhc2gKIyMgY2xvdWQtaW5pdCBib290c3RyYXAgc2NyaXB0CiMjIFN0b3AgU1NIRCB0byBwcmV2ZW50IHJlbW90ZSBleGVjdXRpb24gZHVyaW5nIHRoaXMgcHJvY2VzcwpzeXN0ZW1jdGwgc3RvcCBzc2hkCmlmIFsgLWYgL2V0Yy9zZWxpbnV4L2NvbmZpZyBdOyB0aGVuCiAgc2VsaW51eGNoaz1gc3VkbyBjYXQgL2V0Yy9zZWxpbnV4L2NvbmZpZyB8IGdyZXAgZW5mb3JjaW5nYAogIHNlbGludXhfY2hrPWBlY2hvIC1lICQ/YAogIGlmIFsgIiRzZWxpbnV4X2NoayIgPSAiMCIgXTsgdGhlbgogICAgc3VkbyBzZWQgLWkuYmFrICdzL1NFTElOVVg9ZW5mb3JjaW5nL1NFTElOVVg9ZGlzYWJsZWQvZycgL2V0Yy9zZWxpbnV4L2NvbmZpZwogIGZpCmZpCgojIyBOQVQgU0VUVVAgZm9yIFByaXZhdGUgTmV0d29yawplY2hvICJuZXQuaXB2NC5pcF9mb3J3YXJkID0gMSIgPj4gL2V0Yy9zeXNjdGwuZC85OC1pcC1mb3J3YXJkLmNvbmYKZmlyZXdhbGwtb2ZmbGluZS1jbWQgLS1kaXJlY3QgLS1hZGQtcnVsZSBpcHY0IG5hdCBQT1NUUk9VVElORyAwIC1vIGVuczMgLWogTUFTUVVFUkFERQpmaXJld2FsbC1vZmZsaW5lLWNtZCAtLWRpcmVjdCAtLWFkZC1ydWxlIGlwdjQgZmlsdGVyIEZPUldBUkQgMCAtaSBlbnMzIC1qIEFDQ0VQVAovYmluL3N5c3RlbWN0bCByZXN0YXJ0IGZpcmV3YWxsZApzeXNjdGwgLXAgL2V0Yy9zeXNjdGwuZC85OC1pcC1mb3J3YXJkLmNvbmYKCiMjIEN1c3RvbSBCb290IFZvbHVtZSBFeHRlbnNpb24Kc3VkbyB5dW0gLXkgaW5zdGFsbCBjbG91ZC11dGlscy1ncm93cGFydCBzY3JlZW4ueDg2XzY0CnN1ZG8geXVtIC15IGluc3RhbGwgZ2Rpc2sKc3VkbyByZWJvb3QK",
                            "private_ip": "10.0.6.2",
                            "public_ip": "129.146.47.98",
                            "region": "phx",
                            "shape": "VM.Standard2.8",
                            "source_details.#": "1",
                            "source_details.0.boot_volume_size_in_gbs": "256",
                            "source_details.0.kms_key_id": "",
                            "source_details.0.source_id": "ocid1.image.oc1.phx.aaaaaaaapnnv2phiyw7apcgtg6kmn572b2mux56ll6j6mck5xti3aw4bnwrq",
                            "source_details.0.source_type": "image",
                            "state": "RUNNING",
                            "subnet_id": "ocid1.subnet.oc1.phx.aaaaaaaasvqt6fmpei5ppruwauxeo6bmdxexuzomhxftlcxeazwfu4muvtca",
                            "time_created": "2018-12-18 16:11:38.422 +0000 UTC",
                            "time_maintenance_reboot_due": ""
                        },
                        "meta": {
                            "e2bfb730-ecaa-11e6-8f88-34363bc7c4c0": {
                                "create": 1800000000000,
                                "delete": 7200000000000,
                                "update": 7200000000000
                            }
                        },
                        "tainted": false
                    },
                    "deposed": [],
                    "provider": "provider.oci"
                },
                "oci_core_instance.MasterNode.0": {
                    "type": "oci_core_instance",
                    "depends_on": [
                        "data.oci_identity_availability_domains.ADs",
                        "oci_core_subnet.private.*"
                    ],
                    "primary": {
                        "id": "ocid1.instance.oc1.phx.abyhqljtbm2w6twsblk5qolfk2hwn7oziyamlm3sd2xst4fykzgkkiyztonq",
                        "attributes": {
                            "availability_domain": "CNEW:PHX-AD-1",
                            "boot_volume_id": "ocid1.bootvolume.oc1.phx.abyhqljt4ivcjwc2mez6pzrmuwrucdu4hvl5yt2q2xf5kvdor6hv34i7fwxq",
                            "compartment_id": "ocid1.tenancy.oc1..aaaaaaaaci5g3zqpchxwmzlaoli4bxjxurrwrv3yqyhhddm5eh4kgksgfzoa",
                            "create_vnic_details.#": "1",
                            "create_vnic_details.0.assign_public_ip": "false",
                            "create_vnic_details.0.defined_tags.%": "0",
                            "create_vnic_details.0.display_name": "CDH Master 1",
                            "create_vnic_details.0.freeform_tags.%": "0",
                            "create_vnic_details.0.hostname_label": "cdh-master-1",
                            "create_vnic_details.0.private_ip": "10.0.3.2",
                            "create_vnic_details.0.skip_source_dest_check": "false",
                            "create_vnic_details.0.subnet_id": "ocid1.subnet.oc1.phx.aaaaaaaavnwa7iaaorjib4kesnenxpjminla6ij6zhialj77qi33w2xdlbeq",
                            "defined_tags.%": "0",
                            "display_name": "CDH Master 1",
                            "fault_domain": "FAULT-DOMAIN-1",
                            "freeform_tags.%": "0",
                            "hostname_label": "cdh-master-1",
                            "id": "ocid1.instance.oc1.phx.abyhqljtbm2w6twsblk5qolfk2hwn7oziyamlm3sd2xst4fykzgkkiyztonq",
                            "image": "ocid1.image.oc1.phx.aaaaaaaapnnv2phiyw7apcgtg6kmn572b2mux56ll6j6mck5xti3aw4bnwrq",
                            "launch_mode": "NATIVE",
                            "launch_options.#": "1",
                            "launch_options.0.boot_volume_type": "ISCSI",
                            "launch_options.0.firmware": "UEFI_64",
                            "launch_options.0.network_type": "VFIO",
                            "launch_options.0.remote_data_volume_type": "PARAVIRTUALIZED",
                            "metadata.%": "2",
                            "metadata.ssh_authorized_keys": "ssh-rsa AAAAB3NzaC1yc2EAAAADAQABAAABAQDJCc/AZ+pQ0EMCxf6i+YeqwZwNgeH8D1dnPexMnXulLzeDeirmP+0PdWNdJbC6jPcKxxa3NVbLtEW1VlOWxOQ39t27zpJuJEXhbNOIqNQha2QQhG6gsnDUAywCb8fHgUxJGA9Ultkh1wXRvR53linVcg2SAkR8hryfa8IfseyUVpG0fyn95uBMI1qKlACc0DfA2zBmhfS/ji6XF6Eai8vJfTUlwx+YuuBtVu0JkLWA9GLrnjySaQqNnV/Gb0kAbFOt5GnUlCd3vJs8vWptDtVQo/D86kMSLTk2w+jQ91lYQwUc9F6i6BtgV1GOm8cDURiPlg3pqo3UgslKrtFwvIA3 opc@instance-20181122-1450",
                            "metadata.user_data": "IyEvYmluL2Jhc2gKIyMgY2xvdWQtaW5pdCBib290c3RyYXAgc2NyaXB0CiMjIFN0b3AgU1NIRCB0byBwcmV2ZW50IHJlbW90ZSBleGVjdXRpb24gZHVyaW5nIHRoaXMgcHJvY2VzcwpzeXN0ZW1jdGwgc3RvcCBzc2hkCiMjIHNldCBzcGVlZHVwPSIxIiB0byBieXBhc3MgaG9zdCByZWJvb3QgLSBzaG91bGQgc2V0IHNlbGludXggdG8gcGVybWlzc2l2ZSBtb2RlIGFsbG93aW5nIGZvciBmYXN0ZXIgZGVwbG95bWVudApzcGVlZHVwPSIxIgppZiBbICRzcGVlZHVwID0gIjAiIF07IHRoZW4KICBpZiBbIC1mIC9ldGMvc2VsaW51eC9jb25maWcgXTsgdGhlbgogICAgc2VsaW51eGNoaz1gc3VkbyBjYXQgL2V0Yy9zZWxpbnV4L2NvbmZpZyB8IGdyZXAgZW5mb3JjaW5nYAogICAgc2VsaW51eF9jaGs9YGVjaG8gLWUgJD9gCiAgICBpZiBbICRzZWxpbnV4X2NoayA9ICIwIiBdOyB0aGVuCiAgICAgIHNlZCAtaS5iYWsgJ3MvU0VMSU5VWD1lbmZvcmNpbmcvU0VMSU5VWD1kaXNhYmxlZC9nJyAvZXRjL3NlbGludXgvY29uZmlnCiAgICAgIHJlYm9vdAogICAgZmkKICBmaQplbGlmIFsgJHNwZWVkdXAgPSAiMSIgXTsgdGhlbgogIGlmIFsgLWYgL2V0Yy9zZWxpbnV4L2NvbmZpZyBdOyB0aGVuCiAgICBzZWxpbnV4Y2hrPWBzdWRvIGNhdCAvZXRjL3NlbGludXgvY29uZmlnIHwgZ3JlcCBlbmZvcmNpbmdgCiAgICBzZWxpbnV4X2Noaz1gZWNobyAtZSAkP2AKICAgIGlmIFsgJHNlbGludXhfY2hrID0gIjAiIF07IHRoZW4KICAgICAgc2VkIC1pLmJhayAncy9TRUxJTlVYPWVuZm9yY2luZy9TRUxJTlVYPWRpc2FibGVkL2cnIC9ldGMvc2VsaW51eC9jb25maWcKICAgICAgc2V0ZW5mb3JjZSAwCiAgICBmaQogIGZpCmZpCgojIyBDdXN0b20gQm9vdCBWb2x1bWUgRXh0ZW5zaW9uCnl1bSAteSBpbnN0YWxsIGNsb3VkLXV0aWxzLWdyb3dwYXJ0Cnl1bSAteSBpbnN0YWxsIGdkaXNrCmdyb3dwYXJ0IC9kZXYvc2RhIDMKZWNobyAiMCIgPiAvaG9tZS9vcGMvLmRvbmUKcmVib290Cg==",
                            "private_ip": "10.0.3.2",
                            "public_ip": "",
                            "region": "phx",
                            "shape": "VM.Standard2.24",
                            "source_details.#": "1",
                            "source_details.0.boot_volume_size_in_gbs": "256",
                            "source_details.0.kms_key_id": "",
                            "source_details.0.source_id": "ocid1.image.oc1.phx.aaaaaaaapnnv2phiyw7apcgtg6kmn572b2mux56ll6j6mck5xti3aw4bnwrq",
                            "source_details.0.source_type": "image",
                            "state": "RUNNING",
                            "subnet_id": "ocid1.subnet.oc1.phx.aaaaaaaavnwa7iaaorjib4kesnenxpjminla6ij6zhialj77qi33w2xdlbeq",
                            "time_created": "2018-12-18 16:13:39.499 +0000 UTC",
                            "time_maintenance_reboot_due": ""
                        },
                        "meta": {
                            "e2bfb730-ecaa-11e6-8f88-34363bc7c4c0": {
                                "create": 1800000000000,
                                "delete": 7200000000000,
                                "update": 7200000000000
                            }
                        },
                        "tainted": false
                    },
                    "deposed": [],
                    "provider": "provider.oci"
                },
                "oci_core_instance.MasterNode.1": {
                    "type": "oci_core_instance",
                    "depends_on": [
                        "data.oci_identity_availability_domains.ADs",
                        "oci_core_subnet.private.*"
                    ],
                    "primary": {
                        "id": "ocid1.instance.oc1.phx.abyhqljrsf4ju337qfgwbmqz2sqyf7i7a2i56wl4d3rmlqccykon4j2o4zfa",
                        "attributes": {
                            "availability_domain": "CNEW:PHX-AD-2",
                            "boot_volume_id": "ocid1.bootvolume.oc1.phx.abyhqljrixtqvu2sdusoiovt5rfpdizbq6w32tqlgbfdyjhjeh23wuyvixlq",
                            "compartment_id": "ocid1.tenancy.oc1..aaaaaaaaci5g3zqpchxwmzlaoli4bxjxurrwrv3yqyhhddm5eh4kgksgfzoa",
                            "create_vnic_details.#": "1",
                            "create_vnic_details.0.assign_public_ip": "false",
                            "create_vnic_details.0.defined_tags.%": "0",
                            "create_vnic_details.0.display_name": "CDH Master 2",
                            "create_vnic_details.0.freeform_tags.%": "0",
                            "create_vnic_details.0.hostname_label": "cdh-master-2",
                            "create_vnic_details.0.private_ip": "10.0.4.2",
                            "create_vnic_details.0.skip_source_dest_check": "false",
                            "create_vnic_details.0.subnet_id": "ocid1.subnet.oc1.phx.aaaaaaaahqrg7ek4lmhwd7liyzowq6lpuqotl2qtmc4dgbbckafcy6kpu5mq",
                            "defined_tags.%": "0",
                            "display_name": "CDH Master 2",
                            "fault_domain": "FAULT-DOMAIN-2",
                            "freeform_tags.%": "0",
                            "hostname_label": "cdh-master-2",
                            "id": "ocid1.instance.oc1.phx.abyhqljrsf4ju337qfgwbmqz2sqyf7i7a2i56wl4d3rmlqccykon4j2o4zfa",
                            "image": "ocid1.image.oc1.phx.aaaaaaaapnnv2phiyw7apcgtg6kmn572b2mux56ll6j6mck5xti3aw4bnwrq",
                            "launch_mode": "NATIVE",
                            "launch_options.#": "1",
                            "launch_options.0.boot_volume_type": "ISCSI",
                            "launch_options.0.firmware": "UEFI_64",
                            "launch_options.0.network_type": "VFIO",
                            "launch_options.0.remote_data_volume_type": "PARAVIRTUALIZED",
                            "metadata.%": "2",
                            "metadata.ssh_authorized_keys": "ssh-rsa AAAAB3NzaC1yc2EAAAADAQABAAABAQDJCc/AZ+pQ0EMCxf6i+YeqwZwNgeH8D1dnPexMnXulLzeDeirmP+0PdWNdJbC6jPcKxxa3NVbLtEW1VlOWxOQ39t27zpJuJEXhbNOIqNQha2QQhG6gsnDUAywCb8fHgUxJGA9Ultkh1wXRvR53linVcg2SAkR8hryfa8IfseyUVpG0fyn95uBMI1qKlACc0DfA2zBmhfS/ji6XF6Eai8vJfTUlwx+YuuBtVu0JkLWA9GLrnjySaQqNnV/Gb0kAbFOt5GnUlCd3vJs8vWptDtVQo/D86kMSLTk2w+jQ91lYQwUc9F6i6BtgV1GOm8cDURiPlg3pqo3UgslKrtFwvIA3 opc@instance-20181122-1450",
                            "metadata.user_data": "IyEvYmluL2Jhc2gKIyMgY2xvdWQtaW5pdCBib290c3RyYXAgc2NyaXB0CiMjIFN0b3AgU1NIRCB0byBwcmV2ZW50IHJlbW90ZSBleGVjdXRpb24gZHVyaW5nIHRoaXMgcHJvY2VzcwpzeXN0ZW1jdGwgc3RvcCBzc2hkCiMjIHNldCBzcGVlZHVwPSIxIiB0byBieXBhc3MgaG9zdCByZWJvb3QgLSBzaG91bGQgc2V0IHNlbGludXggdG8gcGVybWlzc2l2ZSBtb2RlIGFsbG93aW5nIGZvciBmYXN0ZXIgZGVwbG95bWVudApzcGVlZHVwPSIxIgppZiBbICRzcGVlZHVwID0gIjAiIF07IHRoZW4KICBpZiBbIC1mIC9ldGMvc2VsaW51eC9jb25maWcgXTsgdGhlbgogICAgc2VsaW51eGNoaz1gc3VkbyBjYXQgL2V0Yy9zZWxpbnV4L2NvbmZpZyB8IGdyZXAgZW5mb3JjaW5nYAogICAgc2VsaW51eF9jaGs9YGVjaG8gLWUgJD9gCiAgICBpZiBbICRzZWxpbnV4X2NoayA9ICIwIiBdOyB0aGVuCiAgICAgIHNlZCAtaS5iYWsgJ3MvU0VMSU5VWD1lbmZvcmNpbmcvU0VMSU5VWD1kaXNhYmxlZC9nJyAvZXRjL3NlbGludXgvY29uZmlnCiAgICAgIHJlYm9vdAogICAgZmkKICBmaQplbGlmIFsgJHNwZWVkdXAgPSAiMSIgXTsgdGhlbgogIGlmIFsgLWYgL2V0Yy9zZWxpbnV4L2NvbmZpZyBdOyB0aGVuCiAgICBzZWxpbnV4Y2hrPWBzdWRvIGNhdCAvZXRjL3NlbGludXgvY29uZmlnIHwgZ3JlcCBlbmZvcmNpbmdgCiAgICBzZWxpbnV4X2Noaz1gZWNobyAtZSAkP2AKICAgIGlmIFsgJHNlbGludXhfY2hrID0gIjAiIF07IHRoZW4KICAgICAgc2VkIC1pLmJhayAncy9TRUxJTlVYPWVuZm9yY2luZy9TRUxJTlVYPWRpc2FibGVkL2cnIC9ldGMvc2VsaW51eC9jb25maWcKICAgICAgc2V0ZW5mb3JjZSAwCiAgICBmaQogIGZpCmZpCgojIyBDdXN0b20gQm9vdCBWb2x1bWUgRXh0ZW5zaW9uCnl1bSAteSBpbnN0YWxsIGNsb3VkLXV0aWxzLWdyb3dwYXJ0Cnl1bSAteSBpbnN0YWxsIGdkaXNrCmdyb3dwYXJ0IC9kZXYvc2RhIDMKZWNobyAiMCIgPiAvaG9tZS9vcGMvLmRvbmUKcmVib290Cg==",
                            "private_ip": "10.0.4.2",
                            "public_ip": "",
                            "region": "phx",
                            "shape": "VM.Standard2.24",
                            "source_details.#": "1",
                            "source_details.0.boot_volume_size_in_gbs": "256",
                            "source_details.0.kms_key_id": "",
                            "source_details.0.source_id": "ocid1.image.oc1.phx.aaaaaaaapnnv2phiyw7apcgtg6kmn572b2mux56ll6j6mck5xti3aw4bnwrq",
                            "source_details.0.source_type": "image",
                            "state": "RUNNING",
                            "subnet_id": "ocid1.subnet.oc1.phx.aaaaaaaahqrg7ek4lmhwd7liyzowq6lpuqotl2qtmc4dgbbckafcy6kpu5mq",
                            "time_created": "2018-12-18 16:13:39.734 +0000 UTC",
                            "time_maintenance_reboot_due": ""
                        },
                        "meta": {
                            "e2bfb730-ecaa-11e6-8f88-34363bc7c4c0": {
                                "create": 1800000000000,
                                "delete": 7200000000000,
                                "update": 7200000000000
                            }
                        },
                        "tainted": false
                    },
                    "deposed": [],
                    "provider": "provider.oci"
                },
                "oci_core_instance.UtilityNode": {
                    "type": "oci_core_instance",
                    "depends_on": [
                        "data.oci_identity_availability_domains.ADs",
                        "oci_core_subnet.public.*"
                    ],
                    "primary": {
                        "id": "ocid1.instance.oc1.phx.abyhqljtpgkat4g253yjdx5bdbnj6626u75ph6rmr3nm2vcmx2ktlutz4z2q",
                        "attributes": {
                            "availability_domain": "CNEW:PHX-AD-1",
                            "boot_volume_id": "ocid1.bootvolume.oc1.phx.abyhqljtdi7z5mpd4kmjdtt5af44dv6jbgxfh4dfbnoxsdgtbbceklipx42q",
                            "compartment_id": "ocid1.tenancy.oc1..aaaaaaaaci5g3zqpchxwmzlaoli4bxjxurrwrv3yqyhhddm5eh4kgksgfzoa",
                            "create_vnic_details.#": "1",
                            "create_vnic_details.0.assign_public_ip": "true",
                            "create_vnic_details.0.defined_tags.%": "0",
                            "create_vnic_details.0.display_name": "CDH Utility 1",
                            "create_vnic_details.0.freeform_tags.%": "0",
                            "create_vnic_details.0.hostname_label": "cdh-utility-1",
                            "create_vnic_details.0.private_ip": "10.0.0.2",
                            "create_vnic_details.0.skip_source_dest_check": "false",
                            "create_vnic_details.0.subnet_id": "ocid1.subnet.oc1.phx.aaaaaaaa6dp45ufgpwrgyca7oliyh4refmq53c5p7svwwkpdajxbgxkcxiia",
                            "defined_tags.%": "0",
                            "display_name": "CDH Utility 1",
                            "fault_domain": "FAULT-DOMAIN-3",
                            "freeform_tags.%": "0",
                            "hostname_label": "cdh-utility-1",
                            "id": "ocid1.instance.oc1.phx.abyhqljtpgkat4g253yjdx5bdbnj6626u75ph6rmr3nm2vcmx2ktlutz4z2q",
                            "image": "ocid1.image.oc1.phx.aaaaaaaapnnv2phiyw7apcgtg6kmn572b2mux56ll6j6mck5xti3aw4bnwrq",
                            "launch_mode": "NATIVE",
                            "launch_options.#": "1",
                            "launch_options.0.boot_volume_type": "ISCSI",
                            "launch_options.0.firmware": "UEFI_64",
                            "launch_options.0.network_type": "VFIO",
                            "launch_options.0.remote_data_volume_type": "PARAVIRTUALIZED",
                            "metadata.%": "2",
                            "metadata.ssh_authorized_keys": "ssh-rsa AAAAB3NzaC1yc2EAAAADAQABAAABAQDJCc/AZ+pQ0EMCxf6i+YeqwZwNgeH8D1dnPexMnXulLzeDeirmP+0PdWNdJbC6jPcKxxa3NVbLtEW1VlOWxOQ39t27zpJuJEXhbNOIqNQha2QQhG6gsnDUAywCb8fHgUxJGA9Ultkh1wXRvR53linVcg2SAkR8hryfa8IfseyUVpG0fyn95uBMI1qKlACc0DfA2zBmhfS/ji6XF6Eai8vJfTUlwx+YuuBtVu0JkLWA9GLrnjySaQqNnV/Gb0kAbFOt5GnUlCd3vJs8vWptDtVQo/D86kMSLTk2w+jQ91lYQwUc9F6i6BtgV1GOm8cDURiPlg3pqo3UgslKrtFwvIA3 opc@instance-20181122-1450",
                            "metadata.user_data": "IyEvYmluL2Jhc2gKIyMgY2xvdWQtaW5pdCBib290c3RyYXAgc2NyaXB0CiMjIFN0b3AgU1NIRCB0byBwcmV2ZW50IHJlbW90ZSBleGVjdXRpb24gZHVyaW5nIHRoaXMgcHJvY2VzcwpzeXN0ZW1jdGwgc3RvcCBzc2hkCiMjIHNldCBzcGVlZHVwPSIxIiB0byBieXBhc3MgaG9zdCByZWJvb3QgLSBzaG91bGQgc2V0IHNlbGludXggdG8gcGVybWlzc2l2ZSBtb2RlIGFsbG93aW5nIGZvciBmYXN0ZXIgZGVwbG95bWVudApzcGVlZHVwPSIxIgppZiBbICRzcGVlZHVwID0gIjAiIF07IHRoZW4KICBpZiBbIC1mIC9ldGMvc2VsaW51eC9jb25maWcgXTsgdGhlbgogICAgc2VsaW51eGNoaz1gc3VkbyBjYXQgL2V0Yy9zZWxpbnV4L2NvbmZpZyB8IGdyZXAgZW5mb3JjaW5nYAogICAgc2VsaW51eF9jaGs9YGVjaG8gLWUgJD9gCiAgICBpZiBbICRzZWxpbnV4X2NoayA9ICIwIiBdOyB0aGVuCiAgICAgIHNlZCAtaS5iYWsgJ3MvU0VMSU5VWD1lbmZvcmNpbmcvU0VMSU5VWD1kaXNhYmxlZC9nJyAvZXRjL3NlbGludXgvY29uZmlnCiAgICAgIHJlYm9vdAogICAgZmkKICBmaQplbGlmIFsgJHNwZWVkdXAgPSAiMSIgXTsgdGhlbgogIGlmIFsgLWYgL2V0Yy9zZWxpbnV4L2NvbmZpZyBdOyB0aGVuCiAgICBzZWxpbnV4Y2hrPWBzdWRvIGNhdCAvZXRjL3NlbGludXgvY29uZmlnIHwgZ3JlcCBlbmZvcmNpbmdgCiAgICBzZWxpbnV4X2Noaz1gZWNobyAtZSAkP2AKICAgIGlmIFsgJHNlbGludXhfY2hrID0gIjAiIF07IHRoZW4KICAgICAgc2VkIC1pLmJhayAncy9TRUxJTlVYPWVuZm9yY2luZy9TRUxJTlVYPWRpc2FibGVkL2cnIC9ldGMvc2VsaW51eC9jb25maWcKICAgICAgc2V0ZW5mb3JjZSAwCiAgICBmaQogIGZpCmZpCgojIyBDdXN0b20gQm9vdCBWb2x1bWUgRXh0ZW5zaW9uCnl1bSAteSBpbnN0YWxsIGNsb3VkLXV0aWxzLWdyb3dwYXJ0Cnl1bSAteSBpbnN0YWxsIGdkaXNrCmdyb3dwYXJ0IC9kZXYvc2RhIDMKZWNobyAiMCIgPiAvaG9tZS9vcGMvLmRvbmUKcmVib290Cg==",
                            "private_ip": "10.0.0.2",
                            "public_ip": "129.146.140.238",
                            "region": "phx",
                            "shape": "VM.Standard2.24",
                            "source_details.#": "1",
                            "source_details.0.boot_volume_size_in_gbs": "256",
                            "source_details.0.kms_key_id": "",
                            "source_details.0.source_id": "ocid1.image.oc1.phx.aaaaaaaapnnv2phiyw7apcgtg6kmn572b2mux56ll6j6mck5xti3aw4bnwrq",
                            "source_details.0.source_type": "image",
                            "state": "RUNNING",
                            "subnet_id": "ocid1.subnet.oc1.phx.aaaaaaaa6dp45ufgpwrgyca7oliyh4refmq53c5p7svwwkpdajxbgxkcxiia",
                            "time_created": "2018-12-18 16:11:40.119 +0000 UTC",
                            "time_maintenance_reboot_due": ""
                        },
                        "meta": {
                            "e2bfb730-ecaa-11e6-8f88-34363bc7c4c0": {
                                "create": 1800000000000,
                                "delete": 7200000000000,
                                "update": 7200000000000
                            }
                        },
                        "tainted": false
                    },
                    "deposed": [],
                    "provider": "provider.oci"
                },
                "oci_core_instance.WorkerNode.0": {
                    "type": "oci_core_instance",
                    "depends_on": [
                        "data.oci_identity_availability_domains.ADs",
                        "oci_core_subnet.private.*"
                    ],
                    "primary": {
                        "id": "ocid1.instance.oc1.phx.abyhqljt22iuu4o4ioaskztfstrnuc2bhvwyovrmsfmdomurpvkpwqk2khdq",
                        "attributes": {
                            "availability_domain": "CNEW:PHX-AD-1",
                            "boot_volume_id": "ocid1.bootvolume.oc1.phx.abyhqljtv6vxpjrhzb62fnozv3bkjgo2nowgdczgh2wlgmf6tyxwclfxon4q",
                            "compartment_id": "ocid1.tenancy.oc1..aaaaaaaaci5g3zqpchxwmzlaoli4bxjxurrwrv3yqyhhddm5eh4kgksgfzoa",
                            "create_vnic_details.#": "1",
                            "create_vnic_details.0.assign_public_ip": "false",
                            "create_vnic_details.0.defined_tags.%": "0",
                            "create_vnic_details.0.display_name": "CDH Worker 1",
                            "create_vnic_details.0.freeform_tags.%": "0",
                            "create_vnic_details.0.hostname_label": "cdh-worker-1",
                            "create_vnic_details.0.private_ip": "10.0.3.3",
                            "create_vnic_details.0.skip_source_dest_check": "false",
                            "create_vnic_details.0.subnet_id": "ocid1.subnet.oc1.phx.aaaaaaaavnwa7iaaorjib4kesnenxpjminla6ij6zhialj77qi33w2xdlbeq",
                            "defined_tags.%": "0",
                            "display_name": "CDH Worker 1",
                            "fault_domain": "FAULT-DOMAIN-3",
                            "freeform_tags.%": "0",
                            "hostname_label": "cdh-worker-1",
                            "id": "ocid1.instance.oc1.phx.abyhqljt22iuu4o4ioaskztfstrnuc2bhvwyovrmsfmdomurpvkpwqk2khdq",
                            "image": "ocid1.image.oc1.phx.aaaaaaaapnnv2phiyw7apcgtg6kmn572b2mux56ll6j6mck5xti3aw4bnwrq",
                            "launch_mode": "NATIVE",
                            "launch_options.#": "1",
                            "launch_options.0.boot_volume_type": "ISCSI",
                            "launch_options.0.firmware": "UEFI_64",
                            "launch_options.0.network_type": "VFIO",
                            "launch_options.0.remote_data_volume_type": "ISCSI",
                            "metadata.%": "2",
                            "metadata.ssh_authorized_keys": "ssh-rsa AAAAB3NzaC1yc2EAAAADAQABAAABAQDJCc/AZ+pQ0EMCxf6i+YeqwZwNgeH8D1dnPexMnXulLzeDeirmP+0PdWNdJbC6jPcKxxa3NVbLtEW1VlOWxOQ39t27zpJuJEXhbNOIqNQha2QQhG6gsnDUAywCb8fHgUxJGA9Ultkh1wXRvR53linVcg2SAkR8hryfa8IfseyUVpG0fyn95uBMI1qKlACc0DfA2zBmhfS/ji6XF6Eai8vJfTUlwx+YuuBtVu0JkLWA9GLrnjySaQqNnV/Gb0kAbFOt5GnUlCd3vJs8vWptDtVQo/D86kMSLTk2w+jQ91lYQwUc9F6i6BtgV1GOm8cDURiPlg3pqo3UgslKrtFwvIA3 opc@instance-20181122-1450",
                            "metadata.user_data": "IyEvYmluL2Jhc2gKIyMgY2xvdWQtaW5pdCBib290c3RyYXAgc2NyaXB0CiMjIFN0b3AgU1NIRCB0byBwcmV2ZW50IHJlbW90ZSBleGVjdXRpb24gZHVyaW5nIHRoaXMgcHJvY2VzcwpzeXN0ZW1jdGwgc3RvcCBzc2hkCiMjIHNldCBzcGVlZHVwPSIxIiB0byBieXBhc3MgaG9zdCByZWJvb3QgLSBzaG91bGQgc2V0IHNlbGludXggdG8gcGVybWlzc2l2ZSBtb2RlIGFsbG93aW5nIGZvciBmYXN0ZXIgZGVwbG95bWVudApzcGVlZHVwPSIxIgppZiBbICRzcGVlZHVwID0gIjAiIF07IHRoZW4KICBpZiBbIC1mIC9ldGMvc2VsaW51eC9jb25maWcgXTsgdGhlbgogICAgc2VsaW51eGNoaz1gc3VkbyBjYXQgL2V0Yy9zZWxpbnV4L2NvbmZpZyB8IGdyZXAgZW5mb3JjaW5nYAogICAgc2VsaW51eF9jaGs9YGVjaG8gLWUgJD9gCiAgICBpZiBbICRzZWxpbnV4X2NoayA9ICIwIiBdOyB0aGVuCiAgICAgIHNlZCAtaS5iYWsgJ3MvU0VMSU5VWD1lbmZvcmNpbmcvU0VMSU5VWD1kaXNhYmxlZC9nJyAvZXRjL3NlbGludXgvY29uZmlnCiAgICAgIHJlYm9vdAogICAgZmkKICBmaQplbGlmIFsgJHNwZWVkdXAgPSAiMSIgXTsgdGhlbgogIGlmIFsgLWYgL2V0Yy9zZWxpbnV4L2NvbmZpZyBdOyB0aGVuCiAgICBzZWxpbnV4Y2hrPWBzdWRvIGNhdCAvZXRjL3NlbGludXgvY29uZmlnIHwgZ3JlcCBlbmZvcmNpbmdgCiAgICBzZWxpbnV4X2Noaz1gZWNobyAtZSAkP2AKICAgIGlmIFsgJHNlbGludXhfY2hrID0gIjAiIF07IHRoZW4KICAgICAgc2VkIC1pLmJhayAncy9TRUxJTlVYPWVuZm9yY2luZy9TRUxJTlVYPWRpc2FibGVkL2cnIC9ldGMvc2VsaW51eC9jb25maWcKICAgICAgc2V0ZW5mb3JjZSAwCiAgICBmaQogIGZpCmZpCgojIyBDdXN0b20gQm9vdCBWb2x1bWUgRXh0ZW5zaW9uCnl1bSAteSBpbnN0YWxsIGNsb3VkLXV0aWxzLWdyb3dwYXJ0Cnl1bSAteSBpbnN0YWxsIGdkaXNrCmdyb3dwYXJ0IC9kZXYvc2RhIDMKZWNobyAiMCIgPiAvaG9tZS9vcGMvLmRvbmUKcmVib290Cg==",
                            "private_ip": "10.0.3.3",
                            "public_ip": "",
                            "region": "phx",
                            "shape": "BM.DenseIO2.52",
                            "source_details.#": "1",
                            "source_details.0.boot_volume_size_in_gbs": "256",
                            "source_details.0.kms_key_id": "",
                            "source_details.0.source_id": "ocid1.image.oc1.phx.aaaaaaaapnnv2phiyw7apcgtg6kmn572b2mux56ll6j6mck5xti3aw4bnwrq",
                            "source_details.0.source_type": "image",
                            "state": "RUNNING",
                            "subnet_id": "ocid1.subnet.oc1.phx.aaaaaaaavnwa7iaaorjib4kesnenxpjminla6ij6zhialj77qi33w2xdlbeq",
                            "time_created": "2018-12-18 16:13:40.123 +0000 UTC",
                            "time_maintenance_reboot_due": ""
                        },
                        "meta": {
                            "e2bfb730-ecaa-11e6-8f88-34363bc7c4c0": {
                                "create": 1800000000000,
                                "delete": 7200000000000,
                                "update": 7200000000000
                            }
                        },
                        "tainted": false
                    },
                    "deposed": [],
                    "provider": "provider.oci"
                },
                "oci_core_instance.WorkerNode.1": {
                    "type": "oci_core_instance",
                    "depends_on": [
                        "data.oci_identity_availability_domains.ADs",
                        "oci_core_subnet.private.*"
                    ],
                    "primary": {
                        "id": "ocid1.instance.oc1.phx.abyhqljrwymnivudk4wqsu4gc7omri7dhcxvxfzfjcviftuorynhqbvuof3a",
                        "attributes": {
                            "availability_domain": "CNEW:PHX-AD-2",
                            "boot_volume_id": "ocid1.bootvolume.oc1.phx.abyhqljrrz5hxxlmnjrhmpzvbra7i6uncpiicts6w2vxpo3pwazvg2yy5zoq",
                            "compartment_id": "ocid1.tenancy.oc1..aaaaaaaaci5g3zqpchxwmzlaoli4bxjxurrwrv3yqyhhddm5eh4kgksgfzoa",
                            "create_vnic_details.#": "1",
                            "create_vnic_details.0.assign_public_ip": "false",
                            "create_vnic_details.0.defined_tags.%": "0",
                            "create_vnic_details.0.display_name": "CDH Worker 2",
                            "create_vnic_details.0.freeform_tags.%": "0",
                            "create_vnic_details.0.hostname_label": "cdh-worker-2",
                            "create_vnic_details.0.private_ip": "10.0.4.3",
                            "create_vnic_details.0.skip_source_dest_check": "false",
                            "create_vnic_details.0.subnet_id": "ocid1.subnet.oc1.phx.aaaaaaaahqrg7ek4lmhwd7liyzowq6lpuqotl2qtmc4dgbbckafcy6kpu5mq",
                            "defined_tags.%": "0",
                            "display_name": "CDH Worker 2",
                            "fault_domain": "FAULT-DOMAIN-2",
                            "freeform_tags.%": "0",
                            "hostname_label": "cdh-worker-2",
                            "id": "ocid1.instance.oc1.phx.abyhqljrwymnivudk4wqsu4gc7omri7dhcxvxfzfjcviftuorynhqbvuof3a",
                            "image": "ocid1.image.oc1.phx.aaaaaaaapnnv2phiyw7apcgtg6kmn572b2mux56ll6j6mck5xti3aw4bnwrq",
                            "launch_mode": "NATIVE",
                            "launch_options.#": "1",
                            "launch_options.0.boot_volume_type": "ISCSI",
                            "launch_options.0.firmware": "UEFI_64",
                            "launch_options.0.network_type": "VFIO",
                            "launch_options.0.remote_data_volume_type": "ISCSI",
                            "metadata.%": "2",
                            "metadata.ssh_authorized_keys": "ssh-rsa AAAAB3NzaC1yc2EAAAADAQABAAABAQDJCc/AZ+pQ0EMCxf6i+YeqwZwNgeH8D1dnPexMnXulLzeDeirmP+0PdWNdJbC6jPcKxxa3NVbLtEW1VlOWxOQ39t27zpJuJEXhbNOIqNQha2QQhG6gsnDUAywCb8fHgUxJGA9Ultkh1wXRvR53linVcg2SAkR8hryfa8IfseyUVpG0fyn95uBMI1qKlACc0DfA2zBmhfS/ji6XF6Eai8vJfTUlwx+YuuBtVu0JkLWA9GLrnjySaQqNnV/Gb0kAbFOt5GnUlCd3vJs8vWptDtVQo/D86kMSLTk2w+jQ91lYQwUc9F6i6BtgV1GOm8cDURiPlg3pqo3UgslKrtFwvIA3 opc@instance-20181122-1450",
                            "metadata.user_data": "IyEvYmluL2Jhc2gKIyMgY2xvdWQtaW5pdCBib290c3RyYXAgc2NyaXB0CiMjIFN0b3AgU1NIRCB0byBwcmV2ZW50IHJlbW90ZSBleGVjdXRpb24gZHVyaW5nIHRoaXMgcHJvY2VzcwpzeXN0ZW1jdGwgc3RvcCBzc2hkCiMjIHNldCBzcGVlZHVwPSIxIiB0byBieXBhc3MgaG9zdCByZWJvb3QgLSBzaG91bGQgc2V0IHNlbGludXggdG8gcGVybWlzc2l2ZSBtb2RlIGFsbG93aW5nIGZvciBmYXN0ZXIgZGVwbG95bWVudApzcGVlZHVwPSIxIgppZiBbICRzcGVlZHVwID0gIjAiIF07IHRoZW4KICBpZiBbIC1mIC9ldGMvc2VsaW51eC9jb25maWcgXTsgdGhlbgogICAgc2VsaW51eGNoaz1gc3VkbyBjYXQgL2V0Yy9zZWxpbnV4L2NvbmZpZyB8IGdyZXAgZW5mb3JjaW5nYAogICAgc2VsaW51eF9jaGs9YGVjaG8gLWUgJD9gCiAgICBpZiBbICRzZWxpbnV4X2NoayA9ICIwIiBdOyB0aGVuCiAgICAgIHNlZCAtaS5iYWsgJ3MvU0VMSU5VWD1lbmZvcmNpbmcvU0VMSU5VWD1kaXNhYmxlZC9nJyAvZXRjL3NlbGludXgvY29uZmlnCiAgICAgIHJlYm9vdAogICAgZmkKICBmaQplbGlmIFsgJHNwZWVkdXAgPSAiMSIgXTsgdGhlbgogIGlmIFsgLWYgL2V0Yy9zZWxpbnV4L2NvbmZpZyBdOyB0aGVuCiAgICBzZWxpbnV4Y2hrPWBzdWRvIGNhdCAvZXRjL3NlbGludXgvY29uZmlnIHwgZ3JlcCBlbmZvcmNpbmdgCiAgICBzZWxpbnV4X2Noaz1gZWNobyAtZSAkP2AKICAgIGlmIFsgJHNlbGludXhfY2hrID0gIjAiIF07IHRoZW4KICAgICAgc2VkIC1pLmJhayAncy9TRUxJTlVYPWVuZm9yY2luZy9TRUxJTlVYPWRpc2FibGVkL2cnIC9ldGMvc2VsaW51eC9jb25maWcKICAgICAgc2V0ZW5mb3JjZSAwCiAgICBmaQogIGZpCmZpCgojIyBDdXN0b20gQm9vdCBWb2x1bWUgRXh0ZW5zaW9uCnl1bSAteSBpbnN0YWxsIGNsb3VkLXV0aWxzLWdyb3dwYXJ0Cnl1bSAteSBpbnN0YWxsIGdkaXNrCmdyb3dwYXJ0IC9kZXYvc2RhIDMKZWNobyAiMCIgPiAvaG9tZS9vcGMvLmRvbmUKcmVib290Cg==",
                            "private_ip": "10.0.4.3",
                            "public_ip": "",
                            "region": "phx",
                            "shape": "BM.DenseIO2.52",
                            "source_details.#": "1",
                            "source_details.0.boot_volume_size_in_gbs": "256",
                            "source_details.0.kms_key_id": "",
                            "source_details.0.source_id": "ocid1.image.oc1.phx.aaaaaaaapnnv2phiyw7apcgtg6kmn572b2mux56ll6j6mck5xti3aw4bnwrq",
                            "source_details.0.source_type": "image",
                            "state": "RUNNING",
                            "subnet_id": "ocid1.subnet.oc1.phx.aaaaaaaahqrg7ek4lmhwd7liyzowq6lpuqotl2qtmc4dgbbckafcy6kpu5mq",
                            "time_created": "2018-12-18 16:13:39.139 +0000 UTC",
                            "time_maintenance_reboot_due": ""
                        },
                        "meta": {
                            "e2bfb730-ecaa-11e6-8f88-34363bc7c4c0": {
                                "create": 1800000000000,
                                "delete": 7200000000000,
                                "update": 7200000000000
                            }
                        },
                        "tainted": false
                    },
                    "deposed": [],
                    "provider": "provider.oci"
                },
                "oci_core_instance.WorkerNode.2": {
                    "type": "oci_core_instance",
                    "depends_on": [
                        "data.oci_identity_availability_domains.ADs",
                        "oci_core_subnet.private.*"
                    ],
                    "primary": {
                        "id": "ocid1.instance.oc1.phx.abyhqljstif7k2yuaw2p6kifzbp6476dydpjw7un7gpwozxkt4ve7wgt5laq",
                        "attributes": {
                            "availability_domain": "CNEW:PHX-AD-3",
                            "boot_volume_id": "ocid1.bootvolume.oc1.phx.abyhqljsir2vzx3zpcxvmjrgdtf3gnolubl2vogb44ujyztxsd7x6aoalptq",
                            "compartment_id": "ocid1.tenancy.oc1..aaaaaaaaci5g3zqpchxwmzlaoli4bxjxurrwrv3yqyhhddm5eh4kgksgfzoa",
                            "create_vnic_details.#": "1",
                            "create_vnic_details.0.assign_public_ip": "false",
                            "create_vnic_details.0.defined_tags.%": "0",
                            "create_vnic_details.0.display_name": "CDH Worker 3",
                            "create_vnic_details.0.freeform_tags.%": "0",
                            "create_vnic_details.0.hostname_label": "cdh-worker-3",
                            "create_vnic_details.0.private_ip": "10.0.5.2",
                            "create_vnic_details.0.skip_source_dest_check": "false",
                            "create_vnic_details.0.subnet_id": "ocid1.subnet.oc1.phx.aaaaaaaa7ne47cfkfd6jyupfh22m25aaavzqm4owaudltkg2omdyyjxfrrra",
                            "defined_tags.%": "0",
                            "display_name": "CDH Worker 3",
                            "fault_domain": "FAULT-DOMAIN-1",
                            "freeform_tags.%": "0",
                            "hostname_label": "cdh-worker-3",
                            "id": "ocid1.instance.oc1.phx.abyhqljstif7k2yuaw2p6kifzbp6476dydpjw7un7gpwozxkt4ve7wgt5laq",
                            "image": "ocid1.image.oc1.phx.aaaaaaaapnnv2phiyw7apcgtg6kmn572b2mux56ll6j6mck5xti3aw4bnwrq",
                            "launch_mode": "NATIVE",
                            "launch_options.#": "1",
                            "launch_options.0.boot_volume_type": "ISCSI",
                            "launch_options.0.firmware": "UEFI_64",
                            "launch_options.0.network_type": "VFIO",
                            "launch_options.0.remote_data_volume_type": "ISCSI",
                            "metadata.%": "2",
                            "metadata.ssh_authorized_keys": "ssh-rsa AAAAB3NzaC1yc2EAAAADAQABAAABAQDJCc/AZ+pQ0EMCxf6i+YeqwZwNgeH8D1dnPexMnXulLzeDeirmP+0PdWNdJbC6jPcKxxa3NVbLtEW1VlOWxOQ39t27zpJuJEXhbNOIqNQha2QQhG6gsnDUAywCb8fHgUxJGA9Ultkh1wXRvR53linVcg2SAkR8hryfa8IfseyUVpG0fyn95uBMI1qKlACc0DfA2zBmhfS/ji6XF6Eai8vJfTUlwx+YuuBtVu0JkLWA9GLrnjySaQqNnV/Gb0kAbFOt5GnUlCd3vJs8vWptDtVQo/D86kMSLTk2w+jQ91lYQwUc9F6i6BtgV1GOm8cDURiPlg3pqo3UgslKrtFwvIA3 opc@instance-20181122-1450",
                            "metadata.user_data": "IyEvYmluL2Jhc2gKIyMgY2xvdWQtaW5pdCBib290c3RyYXAgc2NyaXB0CiMjIFN0b3AgU1NIRCB0byBwcmV2ZW50IHJlbW90ZSBleGVjdXRpb24gZHVyaW5nIHRoaXMgcHJvY2VzcwpzeXN0ZW1jdGwgc3RvcCBzc2hkCiMjIHNldCBzcGVlZHVwPSIxIiB0byBieXBhc3MgaG9zdCByZWJvb3QgLSBzaG91bGQgc2V0IHNlbGludXggdG8gcGVybWlzc2l2ZSBtb2RlIGFsbG93aW5nIGZvciBmYXN0ZXIgZGVwbG95bWVudApzcGVlZHVwPSIxIgppZiBbICRzcGVlZHVwID0gIjAiIF07IHRoZW4KICBpZiBbIC1mIC9ldGMvc2VsaW51eC9jb25maWcgXTsgdGhlbgogICAgc2VsaW51eGNoaz1gc3VkbyBjYXQgL2V0Yy9zZWxpbnV4L2NvbmZpZyB8IGdyZXAgZW5mb3JjaW5nYAogICAgc2VsaW51eF9jaGs9YGVjaG8gLWUgJD9gCiAgICBpZiBbICRzZWxpbnV4X2NoayA9ICIwIiBdOyB0aGVuCiAgICAgIHNlZCAtaS5iYWsgJ3MvU0VMSU5VWD1lbmZvcmNpbmcvU0VMSU5VWD1kaXNhYmxlZC9nJyAvZXRjL3NlbGludXgvY29uZmlnCiAgICAgIHJlYm9vdAogICAgZmkKICBmaQplbGlmIFsgJHNwZWVkdXAgPSAiMSIgXTsgdGhlbgogIGlmIFsgLWYgL2V0Yy9zZWxpbnV4L2NvbmZpZyBdOyB0aGVuCiAgICBzZWxpbnV4Y2hrPWBzdWRvIGNhdCAvZXRjL3NlbGludXgvY29uZmlnIHwgZ3JlcCBlbmZvcmNpbmdgCiAgICBzZWxpbnV4X2Noaz1gZWNobyAtZSAkP2AKICAgIGlmIFsgJHNlbGludXhfY2hrID0gIjAiIF07IHRoZW4KICAgICAgc2VkIC1pLmJhayAncy9TRUxJTlVYPWVuZm9yY2luZy9TRUxJTlVYPWRpc2FibGVkL2cnIC9ldGMvc2VsaW51eC9jb25maWcKICAgICAgc2V0ZW5mb3JjZSAwCiAgICBmaQogIGZpCmZpCgojIyBDdXN0b20gQm9vdCBWb2x1bWUgRXh0ZW5zaW9uCnl1bSAteSBpbnN0YWxsIGNsb3VkLXV0aWxzLWdyb3dwYXJ0Cnl1bSAteSBpbnN0YWxsIGdkaXNrCmdyb3dwYXJ0IC9kZXYvc2RhIDMKZWNobyAiMCIgPiAvaG9tZS9vcGMvLmRvbmUKcmVib290Cg==",
                            "private_ip": "10.0.5.2",
                            "public_ip": "",
                            "region": "phx",
                            "shape": "BM.DenseIO2.52",
                            "source_details.#": "1",
                            "source_details.0.boot_volume_size_in_gbs": "256",
                            "source_details.0.kms_key_id": "",
                            "source_details.0.source_id": "ocid1.image.oc1.phx.aaaaaaaapnnv2phiyw7apcgtg6kmn572b2mux56ll6j6mck5xti3aw4bnwrq",
                            "source_details.0.source_type": "image",
                            "state": "RUNNING",
                            "subnet_id": "ocid1.subnet.oc1.phx.aaaaaaaa7ne47cfkfd6jyupfh22m25aaavzqm4owaudltkg2omdyyjxfrrra",
                            "time_created": "2018-12-18 16:13:39.455 +0000 UTC",
                            "time_maintenance_reboot_due": ""
                        },
                        "meta": {
                            "e2bfb730-ecaa-11e6-8f88-34363bc7c4c0": {
                                "create": 1800000000000,
                                "delete": 7200000000000,
                                "update": 7200000000000
                            }
                        },
                        "tainted": false
                    },
                    "deposed": [],
                    "provider": "provider.oci"
                },
                "oci_core_internet_gateway.cloudera_internet_gateway": {
                    "type": "oci_core_internet_gateway",
                    "depends_on": [
                        "oci_core_virtual_network.cloudera_vcn"
                    ],
                    "primary": {
                        "id": "ocid1.internetgateway.oc1.phx.aaaaaaaa6hiyayfx7l2askuwvkiyqiyawrhfywm2pd5uox6ofpbk6qid2pkq",
                        "attributes": {
                            "compartment_id": "ocid1.tenancy.oc1..aaaaaaaaci5g3zqpchxwmzlaoli4bxjxurrwrv3yqyhhddm5eh4kgksgfzoa",
                            "defined_tags.%": "0",
                            "display_name": "cloudera_internet_gateway",
                            "enabled": "true",
                            "freeform_tags.%": "0",
                            "id": "ocid1.internetgateway.oc1.phx.aaaaaaaa6hiyayfx7l2askuwvkiyqiyawrhfywm2pd5uox6ofpbk6qid2pkq",
                            "state": "AVAILABLE",
                            "time_created": "2018-12-18 16:11:34.895 +0000 UTC",
                            "vcn_id": "ocid1.vcn.oc1.phx.aaaaaaaakbncx47vpppsanhdge53o773um3tn5nxkazchqcn4oaro6g5cpfa"
                        },
                        "meta": {
                            "e2bfb730-ecaa-11e6-8f88-34363bc7c4c0": {
                                "create": 900000000000,
                                "delete": 900000000000,
                                "update": 900000000000
                            }
                        },
                        "tainted": false
                    },
                    "deposed": [],
                    "provider": "provider.oci"
                },
                "oci_core_private_ip.bastion_private_ip": {
                    "type": "oci_core_private_ip",
                    "depends_on": [
                        "data.oci_core_vnic_attachments.bastion_vnics"
                    ],
                    "primary": {
                        "id": "ocid1.privateip.oc1.phx.abyhqljt55btfm2k66jf53oyterpmuej4seuwm3edlitndjsnumsprnnz6ga",
                        "attributes": {
                            "availability_domain": "CNEW:PHX-AD-1",
                            "compartment_id": "ocid1.tenancy.oc1..aaaaaaaaci5g3zqpchxwmzlaoli4bxjxurrwrv3yqyhhddm5eh4kgksgfzoa",
                            "defined_tags.%": "0",
                            "display_name": "bastion_private_ip",
                            "freeform_tags.%": "0",
                            "id": "ocid1.privateip.oc1.phx.abyhqljt55btfm2k66jf53oyterpmuej4seuwm3edlitndjsnumsprnnz6ga",
                            "ip_address": "10.0.6.3",
                            "is_primary": "false",
                            "subnet_id": "ocid1.subnet.oc1.phx.aaaaaaaasvqt6fmpei5ppruwauxeo6bmdxexuzomhxftlcxeazwfu4muvtca",
                            "time_created": "2018-12-18 16:13:35.09 +0000 UTC",
                            "vnic_id": "ocid1.vnic.oc1.phx.abyhqljt3xcepzq47x7ycdv3ghxaszjiv4ecubfx352wa4zsci7g6pfqhvgq"
                        },
                        "meta": {
                            "e2bfb730-ecaa-11e6-8f88-34363bc7c4c0": {
                                "create": 900000000000,
                                "delete": 900000000000,
                                "update": 900000000000
                            }
                        },
                        "tainted": false
                    },
                    "deposed": [],
                    "provider": "provider.oci"
                },
                "oci_core_route_table.PrivateRouteTable": {
                    "type": "oci_core_route_table",
                    "depends_on": [
                        "oci_core_private_ip.bastion_private_ip",
                        "oci_core_virtual_network.cloudera_vcn"
                    ],
                    "primary": {
                        "id": "ocid1.routetable.oc1.phx.aaaaaaaafcfsje3jio6wng6spum54l2vv5bb44y4efqwiezhsmt6cmvj5iha",
                        "attributes": {
                            "compartment_id": "ocid1.tenancy.oc1..aaaaaaaaci5g3zqpchxwmzlaoli4bxjxurrwrv3yqyhhddm5eh4kgksgfzoa",
                            "defined_tags.%": "0",
                            "display_name": "RouteTableForComplete",
                            "freeform_tags.%": "0",
                            "id": "ocid1.routetable.oc1.phx.aaaaaaaafcfsje3jio6wng6spum54l2vv5bb44y4efqwiezhsmt6cmvj5iha",
                            "route_rules.#": "1",
                            "route_rules.3479837243.cidr_block": "0.0.0.0/0",
                            "route_rules.3479837243.destination": "0.0.0.0/0",
                            "route_rules.3479837243.destination_type": "CIDR_BLOCK",
                            "route_rules.3479837243.network_entity_id": "ocid1.privateip.oc1.phx.abyhqljt55btfm2k66jf53oyterpmuej4seuwm3edlitndjsnumsprnnz6ga",
                            "state": "AVAILABLE",
                            "time_created": "2018-12-18 16:13:35.514 +0000 UTC",
                            "vcn_id": "ocid1.vcn.oc1.phx.aaaaaaaakbncx47vpppsanhdge53o773um3tn5nxkazchqcn4oaro6g5cpfa"
                        },
                        "meta": {
                            "e2bfb730-ecaa-11e6-8f88-34363bc7c4c0": {
                                "create": 900000000000,
                                "delete": 900000000000,
                                "update": 900000000000
                            }
                        },
                        "tainted": false
                    },
                    "deposed": [],
                    "provider": "provider.oci"
                },
                "oci_core_route_table.RouteForComplete": {
                    "type": "oci_core_route_table",
                    "depends_on": [
                        "oci_core_internet_gateway.cloudera_internet_gateway",
                        "oci_core_virtual_network.cloudera_vcn"
                    ],
                    "primary": {
                        "id": "ocid1.routetable.oc1.phx.aaaaaaaabzvwceacrcxgob4x7cnubkvsz5oqksys2thy43ow7zz6itlp3tta",
                        "attributes": {
                            "compartment_id": "ocid1.tenancy.oc1..aaaaaaaaci5g3zqpchxwmzlaoli4bxjxurrwrv3yqyhhddm5eh4kgksgfzoa",
                            "defined_tags.%": "0",
                            "display_name": "RouteTableForComplete",
                            "freeform_tags.%": "0",
                            "id": "ocid1.routetable.oc1.phx.aaaaaaaabzvwceacrcxgob4x7cnubkvsz5oqksys2thy43ow7zz6itlp3tta",
                            "route_rules.#": "1",
                            "route_rules.1885608186.cidr_block": "0.0.0.0/0",
                            "route_rules.1885608186.destination": "0.0.0.0/0",
                            "route_rules.1885608186.destination_type": "CIDR_BLOCK",
                            "route_rules.1885608186.network_entity_id": "ocid1.internetgateway.oc1.phx.aaaaaaaa6hiyayfx7l2askuwvkiyqiyawrhfywm2pd5uox6ofpbk6qid2pkq",
                            "state": "AVAILABLE",
                            "time_created": "2018-12-18 16:11:35.153 +0000 UTC",
                            "vcn_id": "ocid1.vcn.oc1.phx.aaaaaaaakbncx47vpppsanhdge53o773um3tn5nxkazchqcn4oaro6g5cpfa"
                        },
                        "meta": {
                            "e2bfb730-ecaa-11e6-8f88-34363bc7c4c0": {
                                "create": 900000000000,
                                "delete": 900000000000,
                                "update": 900000000000
                            }
                        },
                        "tainted": false
                    },
                    "deposed": [],
                    "provider": "provider.oci"
                },
                "oci_core_security_list.BastionSubnet": {
                    "type": "oci_core_security_list",
                    "depends_on": [
                        "oci_core_virtual_network.cloudera_vcn"
                    ],
                    "primary": {
                        "id": "ocid1.securitylist.oc1.phx.aaaaaaaampptm6m43rsqfxoheagk5iqphe5uyt5stl22up7appx6n3ewlnva",
                        "attributes": {
                            "compartment_id": "ocid1.tenancy.oc1..aaaaaaaaci5g3zqpchxwmzlaoli4bxjxurrwrv3yqyhhddm5eh4kgksgfzoa",
                            "defined_tags.%": "0",
                            "display_name": "Bastion",
                            "egress_security_rules.#": "1",
                            "egress_security_rules.1420396200.destination": "0.0.0.0/0",
                            "egress_security_rules.1420396200.destination_type": "CIDR_BLOCK",
                            "egress_security_rules.1420396200.icmp_options.#": "0",
                            "egress_security_rules.1420396200.protocol": "6",
                            "egress_security_rules.1420396200.stateless": "false",
                            "egress_security_rules.1420396200.tcp_options.#": "0",
                            "egress_security_rules.1420396200.udp_options.#": "0",
                            "freeform_tags.%": "0",
                            "id": "ocid1.securitylist.oc1.phx.aaaaaaaampptm6m43rsqfxoheagk5iqphe5uyt5stl22up7appx6n3ewlnva",
                            "ingress_security_rules.#": "2",
                            "ingress_security_rules.3057867092.icmp_options.#": "0",
                            "ingress_security_rules.3057867092.protocol": "6",
                            "ingress_security_rules.3057867092.source": "10.0.0.0/16",
                            "ingress_security_rules.3057867092.source_type": "CIDR_BLOCK",
                            "ingress_security_rules.3057867092.stateless": "false",
                            "ingress_security_rules.3057867092.tcp_options.#": "0",
                            "ingress_security_rules.3057867092.udp_options.#": "0",
                            "ingress_security_rules.47193274.icmp_options.#": "0",
                            "ingress_security_rules.47193274.protocol": "6",
                            "ingress_security_rules.47193274.source": "0.0.0.0/0",
                            "ingress_security_rules.47193274.source_type": "CIDR_BLOCK",
                            "ingress_security_rules.47193274.stateless": "false",
                            "ingress_security_rules.47193274.tcp_options.#": "1",
                            "ingress_security_rules.47193274.tcp_options.0.max": "22",
                            "ingress_security_rules.47193274.tcp_options.0.min": "22",
                            "ingress_security_rules.47193274.tcp_options.0.source_port_range.#": "0",
                            "ingress_security_rules.47193274.udp_options.#": "0",
                            "state": "AVAILABLE",
                            "time_created": "2018-12-18 16:11:34.892 +0000 UTC",
                            "vcn_id": "ocid1.vcn.oc1.phx.aaaaaaaakbncx47vpppsanhdge53o773um3tn5nxkazchqcn4oaro6g5cpfa"
                        },
                        "meta": {
                            "e2bfb730-ecaa-11e6-8f88-34363bc7c4c0": {
                                "create": 900000000000,
                                "delete": 900000000000,
                                "update": 900000000000
                            }
                        },
                        "tainted": false
                    },
                    "deposed": [],
                    "provider": "provider.oci"
                },
                "oci_core_security_list.PrivateSubnet": {
                    "type": "oci_core_security_list",
                    "depends_on": [
                        "oci_core_virtual_network.cloudera_vcn"
                    ],
                    "primary": {
                        "id": "ocid1.securitylist.oc1.phx.aaaaaaaa7bhnbczbuwtfvkmy7hnlhmewgu45wai3rme4vtrhgp2fpfnl6n2a",
                        "attributes": {
                            "compartment_id": "ocid1.tenancy.oc1..aaaaaaaaci5g3zqpchxwmzlaoli4bxjxurrwrv3yqyhhddm5eh4kgksgfzoa",
                            "defined_tags.%": "0",
                            "display_name": "Private",
                            "egress_security_rules.#": "2",
                            "egress_security_rules.1582479153.destination": "0.0.0.0/0",
                            "egress_security_rules.1582479153.destination_type": "CIDR_BLOCK",
                            "egress_security_rules.1582479153.icmp_options.#": "0",
                            "egress_security_rules.1582479153.protocol": "all",
                            "egress_security_rules.1582479153.stateless": "false",
                            "egress_security_rules.1582479153.tcp_options.#": "0",
                            "egress_security_rules.1582479153.udp_options.#": "0",
                            "egress_security_rules.2469781219.destination": "10.0.0.0/16",
                            "egress_security_rules.2469781219.destination_type": "CIDR_BLOCK",
                            "egress_security_rules.2469781219.icmp_options.#": "0",
                            "egress_security_rules.2469781219.protocol": "all",
                            "egress_security_rules.2469781219.stateless": "false",
                            "egress_security_rules.2469781219.tcp_options.#": "0",
                            "egress_security_rules.2469781219.udp_options.#": "0",
                            "freeform_tags.%": "0",
                            "id": "ocid1.securitylist.oc1.phx.aaaaaaaa7bhnbczbuwtfvkmy7hnlhmewgu45wai3rme4vtrhgp2fpfnl6n2a",
                            "ingress_security_rules.#": "2",
                            "ingress_security_rules.2286144853.icmp_options.#": "0",
                            "ingress_security_rules.2286144853.protocol": "6",
                            "ingress_security_rules.2286144853.source": "10.0.0.0/16",
                            "ingress_security_rules.2286144853.source_type": "CIDR_BLOCK",
                            "ingress_security_rules.2286144853.stateless": "false",
                            "ingress_security_rules.2286144853.tcp_options.#": "1",
                            "ingress_security_rules.2286144853.tcp_options.0.max": "22",
                            "ingress_security_rules.2286144853.tcp_options.0.min": "22",
                            "ingress_security_rules.2286144853.tcp_options.0.source_port_range.#": "0",
                            "ingress_security_rules.2286144853.udp_options.#": "0",
                            "ingress_security_rules.3057867092.icmp_options.#": "0",
                            "ingress_security_rules.3057867092.protocol": "6",
                            "ingress_security_rules.3057867092.source": "10.0.0.0/16",
                            "ingress_security_rules.3057867092.source_type": "CIDR_BLOCK",
                            "ingress_security_rules.3057867092.stateless": "false",
                            "ingress_security_rules.3057867092.tcp_options.#": "0",
                            "ingress_security_rules.3057867092.udp_options.#": "0",
                            "state": "AVAILABLE",
                            "time_created": "2018-12-18 16:11:34.926 +0000 UTC",
                            "vcn_id": "ocid1.vcn.oc1.phx.aaaaaaaakbncx47vpppsanhdge53o773um3tn5nxkazchqcn4oaro6g5cpfa"
                        },
                        "meta": {
                            "e2bfb730-ecaa-11e6-8f88-34363bc7c4c0": {
                                "create": 900000000000,
                                "delete": 900000000000,
                                "update": 900000000000
                            }
                        },
                        "tainted": false
                    },
                    "deposed": [],
                    "provider": "provider.oci"
                },
                "oci_core_security_list.PublicSubnet": {
                    "type": "oci_core_security_list",
                    "depends_on": [
                        "oci_core_virtual_network.cloudera_vcn"
                    ],
                    "primary": {
                        "id": "ocid1.securitylist.oc1.phx.aaaaaaaag4nvartn5eqhvrdrfaq5hq7k6xjwjmnyqi5degz5uxyf3xvrsktq",
                        "attributes": {
                            "compartment_id": "ocid1.tenancy.oc1..aaaaaaaaci5g3zqpchxwmzlaoli4bxjxurrwrv3yqyhhddm5eh4kgksgfzoa",
                            "defined_tags.%": "0",
                            "display_name": "Public Subnet",
                            "egress_security_rules.#": "1",
                            "egress_security_rules.1420396200.destination": "0.0.0.0/0",
                            "egress_security_rules.1420396200.destination_type": "CIDR_BLOCK",
                            "egress_security_rules.1420396200.icmp_options.#": "0",
                            "egress_security_rules.1420396200.protocol": "6",
                            "egress_security_rules.1420396200.stateless": "false",
                            "egress_security_rules.1420396200.tcp_options.#": "0",
                            "egress_security_rules.1420396200.udp_options.#": "0",
                            "freeform_tags.%": "0",
                            "id": "ocid1.securitylist.oc1.phx.aaaaaaaag4nvartn5eqhvrdrfaq5hq7k6xjwjmnyqi5degz5uxyf3xvrsktq",
                            "ingress_security_rules.#": "4",
                            "ingress_security_rules.1967597605.icmp_options.#": "0",
                            "ingress_security_rules.1967597605.protocol": "6",
                            "ingress_security_rules.1967597605.source": "0.0.0.0/0",
                            "ingress_security_rules.1967597605.source_type": "CIDR_BLOCK",
                            "ingress_security_rules.1967597605.stateless": "false",
                            "ingress_security_rules.1967597605.tcp_options.#": "1",
                            "ingress_security_rules.1967597605.tcp_options.0.max": "7180",
                            "ingress_security_rules.1967597605.tcp_options.0.min": "7180",
                            "ingress_security_rules.1967597605.tcp_options.0.source_port_range.#": "0",
                            "ingress_security_rules.1967597605.udp_options.#": "0",
                            "ingress_security_rules.3057867092.icmp_options.#": "0",
                            "ingress_security_rules.3057867092.protocol": "6",
                            "ingress_security_rules.3057867092.source": "10.0.0.0/16",
                            "ingress_security_rules.3057867092.source_type": "CIDR_BLOCK",
                            "ingress_security_rules.3057867092.stateless": "false",
                            "ingress_security_rules.3057867092.tcp_options.#": "0",
                            "ingress_security_rules.3057867092.udp_options.#": "0",
                            "ingress_security_rules.47193274.icmp_options.#": "0",
                            "ingress_security_rules.47193274.protocol": "6",
                            "ingress_security_rules.47193274.source": "0.0.0.0/0",
                            "ingress_security_rules.47193274.source_type": "CIDR_BLOCK",
                            "ingress_security_rules.47193274.stateless": "false",
                            "ingress_security_rules.47193274.tcp_options.#": "1",
                            "ingress_security_rules.47193274.tcp_options.0.max": "22",
                            "ingress_security_rules.47193274.tcp_options.0.min": "22",
                            "ingress_security_rules.47193274.tcp_options.0.source_port_range.#": "0",
                            "ingress_security_rules.47193274.udp_options.#": "0",
                            "ingress_security_rules.892700061.icmp_options.#": "0",
                            "ingress_security_rules.892700061.protocol": "6",
                            "ingress_security_rules.892700061.source": "0.0.0.0/0",
                            "ingress_security_rules.892700061.source_type": "CIDR_BLOCK",
                            "ingress_security_rules.892700061.stateless": "false",
                            "ingress_security_rules.892700061.tcp_options.#": "1",
                            "ingress_security_rules.892700061.tcp_options.0.max": "19888",
                            "ingress_security_rules.892700061.tcp_options.0.min": "19888",
                            "ingress_security_rules.892700061.tcp_options.0.source_port_range.#": "0",
                            "ingress_security_rules.892700061.udp_options.#": "0",
                            "state": "AVAILABLE",
                            "time_created": "2018-12-18 16:11:35.008 +0000 UTC",
                            "vcn_id": "ocid1.vcn.oc1.phx.aaaaaaaakbncx47vpppsanhdge53o773um3tn5nxkazchqcn4oaro6g5cpfa"
                        },
                        "meta": {
                            "e2bfb730-ecaa-11e6-8f88-34363bc7c4c0": {
                                "create": 900000000000,
                                "delete": 900000000000,
                                "update": 900000000000
                            }
                        },
                        "tainted": false
                    },
                    "deposed": [],
                    "provider": "provider.oci"
                },
                "oci_core_subnet.bastion.0": {
                    "type": "oci_core_subnet",
                    "depends_on": [
                        "data.oci_identity_availability_domains.ADs",
                        "oci_core_route_table.RouteForComplete",
                        "oci_core_security_list.BastionSubnet",
                        "oci_core_virtual_network.cloudera_vcn"
                    ],
                    "primary": {
                        "id": "ocid1.subnet.oc1.phx.aaaaaaaasvqt6fmpei5ppruwauxeo6bmdxexuzomhxftlcxeazwfu4muvtca",
                        "attributes": {
                            "availability_domain": "CNEW:PHX-AD-1",
                            "cidr_block": "10.0.6.0/24",
                            "compartment_id": "ocid1.tenancy.oc1..aaaaaaaaci5g3zqpchxwmzlaoli4bxjxurrwrv3yqyhhddm5eh4kgksgfzoa",
                            "defined_tags.%": "0",
                            "dhcp_options_id": "ocid1.dhcpoptions.oc1.phx.aaaaaaaaoomafdvbx64fe4hi5hcakaslqbtqbwqste5tgsujpicwzym4bhua",
                            "display_name": "bastion_ad1",
                            "dns_label": "bastion1",
                            "freeform_tags.%": "0",
                            "id": "ocid1.subnet.oc1.phx.aaaaaaaasvqt6fmpei5ppruwauxeo6bmdxexuzomhxftlcxeazwfu4muvtca",
                            "prohibit_public_ip_on_vnic": "false",
                            "route_table_id": "ocid1.routetable.oc1.phx.aaaaaaaabzvwceacrcxgob4x7cnubkvsz5oqksys2thy43ow7zz6itlp3tta",
                            "security_list_ids.#": "1",
                            "security_list_ids.1086080232": "ocid1.securitylist.oc1.phx.aaaaaaaampptm6m43rsqfxoheagk5iqphe5uyt5stl22up7appx6n3ewlnva",
                            "state": "AVAILABLE",
                            "subnet_domain_name": "bastion1.cdhvcn.oraclevcn.com",
                            "time_created": "2018-12-18 16:11:36.452 +0000 UTC",
                            "vcn_id": "ocid1.vcn.oc1.phx.aaaaaaaakbncx47vpppsanhdge53o773um3tn5nxkazchqcn4oaro6g5cpfa",
                            "virtual_router_ip": "10.0.6.1",
                            "virtual_router_mac": "00:00:17:1A:CC:E7"
                        },
                        "meta": {
                            "e2bfb730-ecaa-11e6-8f88-34363bc7c4c0": {
                                "create": 900000000000,
                                "delete": 900000000000,
                                "update": 900000000000
                            }
                        },
                        "tainted": false
                    },
                    "deposed": [],
                    "provider": "provider.oci"
                },
                "oci_core_subnet.bastion.1": {
                    "type": "oci_core_subnet",
                    "depends_on": [
                        "data.oci_identity_availability_domains.ADs",
                        "oci_core_route_table.RouteForComplete",
                        "oci_core_security_list.BastionSubnet",
                        "oci_core_virtual_network.cloudera_vcn"
                    ],
                    "primary": {
                        "id": "ocid1.subnet.oc1.phx.aaaaaaaamhbvhoxahllqqrw5uez5nvai2cvybuvoqwfq5efl2epxyqdf23dq",
                        "attributes": {
                            "availability_domain": "CNEW:PHX-AD-2",
                            "cidr_block": "10.0.7.0/24",
                            "compartment_id": "ocid1.tenancy.oc1..aaaaaaaaci5g3zqpchxwmzlaoli4bxjxurrwrv3yqyhhddm5eh4kgksgfzoa",
                            "defined_tags.%": "0",
                            "dhcp_options_id": "ocid1.dhcpoptions.oc1.phx.aaaaaaaaoomafdvbx64fe4hi5hcakaslqbtqbwqste5tgsujpicwzym4bhua",
                            "display_name": "bastion_ad2",
                            "dns_label": "bastion2",
                            "freeform_tags.%": "0",
                            "id": "ocid1.subnet.oc1.phx.aaaaaaaamhbvhoxahllqqrw5uez5nvai2cvybuvoqwfq5efl2epxyqdf23dq",
                            "prohibit_public_ip_on_vnic": "false",
                            "route_table_id": "ocid1.routetable.oc1.phx.aaaaaaaabzvwceacrcxgob4x7cnubkvsz5oqksys2thy43ow7zz6itlp3tta",
                            "security_list_ids.#": "1",
                            "security_list_ids.1086080232": "ocid1.securitylist.oc1.phx.aaaaaaaampptm6m43rsqfxoheagk5iqphe5uyt5stl22up7appx6n3ewlnva",
                            "state": "AVAILABLE",
                            "subnet_domain_name": "bastion2.cdhvcn.oraclevcn.com",
                            "time_created": "2018-12-18 16:11:36.817 +0000 UTC",
                            "vcn_id": "ocid1.vcn.oc1.phx.aaaaaaaakbncx47vpppsanhdge53o773um3tn5nxkazchqcn4oaro6g5cpfa",
                            "virtual_router_ip": "10.0.7.1",
                            "virtual_router_mac": "00:00:17:1A:CC:E7"
                        },
                        "meta": {
                            "e2bfb730-ecaa-11e6-8f88-34363bc7c4c0": {
                                "create": 900000000000,
                                "delete": 900000000000,
                                "update": 900000000000
                            }
                        },
                        "tainted": false
                    },
                    "deposed": [],
                    "provider": "provider.oci"
                },
                "oci_core_subnet.bastion.2": {
                    "type": "oci_core_subnet",
                    "depends_on": [
                        "data.oci_identity_availability_domains.ADs",
                        "oci_core_route_table.RouteForComplete",
                        "oci_core_security_list.BastionSubnet",
                        "oci_core_virtual_network.cloudera_vcn"
                    ],
                    "primary": {
                        "id": "ocid1.subnet.oc1.phx.aaaaaaaavqnvimhdg4akvudl4db2nqtmfyxihbsqn6fdcsltf3i6ace46vyq",
                        "attributes": {
                            "availability_domain": "CNEW:PHX-AD-3",
                            "cidr_block": "10.0.8.0/24",
                            "compartment_id": "ocid1.tenancy.oc1..aaaaaaaaci5g3zqpchxwmzlaoli4bxjxurrwrv3yqyhhddm5eh4kgksgfzoa",
                            "defined_tags.%": "0",
                            "dhcp_options_id": "ocid1.dhcpoptions.oc1.phx.aaaaaaaaoomafdvbx64fe4hi5hcakaslqbtqbwqste5tgsujpicwzym4bhua",
                            "display_name": "bastion_ad3",
                            "dns_label": "bastion3",
                            "freeform_tags.%": "0",
                            "id": "ocid1.subnet.oc1.phx.aaaaaaaavqnvimhdg4akvudl4db2nqtmfyxihbsqn6fdcsltf3i6ace46vyq",
                            "prohibit_public_ip_on_vnic": "false",
                            "route_table_id": "ocid1.routetable.oc1.phx.aaaaaaaabzvwceacrcxgob4x7cnubkvsz5oqksys2thy43ow7zz6itlp3tta",
                            "security_list_ids.#": "1",
                            "security_list_ids.1086080232": "ocid1.securitylist.oc1.phx.aaaaaaaampptm6m43rsqfxoheagk5iqphe5uyt5stl22up7appx6n3ewlnva",
                            "state": "AVAILABLE",
                            "subnet_domain_name": "bastion3.cdhvcn.oraclevcn.com",
                            "time_created": "2018-12-18 16:11:35.535 +0000 UTC",
                            "vcn_id": "ocid1.vcn.oc1.phx.aaaaaaaakbncx47vpppsanhdge53o773um3tn5nxkazchqcn4oaro6g5cpfa",
                            "virtual_router_ip": "10.0.8.1",
                            "virtual_router_mac": "00:00:17:1A:CC:E7"
                        },
                        "meta": {
                            "e2bfb730-ecaa-11e6-8f88-34363bc7c4c0": {
                                "create": 900000000000,
                                "delete": 900000000000,
                                "update": 900000000000
                            }
                        },
                        "tainted": false
                    },
                    "deposed": [],
                    "provider": "provider.oci"
                },
                "oci_core_subnet.private.0": {
                    "type": "oci_core_subnet",
                    "depends_on": [
                        "data.oci_identity_availability_domains.ADs",
                        "oci_core_route_table.PrivateRouteTable",
                        "oci_core_security_list.PrivateSubnet",
                        "oci_core_virtual_network.cloudera_vcn"
                    ],
                    "primary": {
                        "id": "ocid1.subnet.oc1.phx.aaaaaaaavnwa7iaaorjib4kesnenxpjminla6ij6zhialj77qi33w2xdlbeq",
                        "attributes": {
                            "availability_domain": "CNEW:PHX-AD-1",
                            "cidr_block": "10.0.3.0/24",
                            "compartment_id": "ocid1.tenancy.oc1..aaaaaaaaci5g3zqpchxwmzlaoli4bxjxurrwrv3yqyhhddm5eh4kgksgfzoa",
                            "defined_tags.%": "0",
                            "dhcp_options_id": "ocid1.dhcpoptions.oc1.phx.aaaaaaaaoomafdvbx64fe4hi5hcakaslqbtqbwqste5tgsujpicwzym4bhua",
                            "display_name": "private_ad1",
                            "dns_label": "private1",
                            "freeform_tags.%": "0",
                            "id": "ocid1.subnet.oc1.phx.aaaaaaaavnwa7iaaorjib4kesnenxpjminla6ij6zhialj77qi33w2xdlbeq",
                            "prohibit_public_ip_on_vnic": "true",
                            "route_table_id": "ocid1.routetable.oc1.phx.aaaaaaaafcfsje3jio6wng6spum54l2vv5bb44y4efqwiezhsmt6cmvj5iha",
                            "security_list_ids.#": "1",
                            "security_list_ids.2366603226": "ocid1.securitylist.oc1.phx.aaaaaaaa7bhnbczbuwtfvkmy7hnlhmewgu45wai3rme4vtrhgp2fpfnl6n2a",
                            "state": "AVAILABLE",
                            "subnet_domain_name": "private1.cdhvcn.oraclevcn.com",
                            "time_created": "2018-12-18 16:13:36.733 +0000 UTC",
                            "vcn_id": "ocid1.vcn.oc1.phx.aaaaaaaakbncx47vpppsanhdge53o773um3tn5nxkazchqcn4oaro6g5cpfa",
                            "virtual_router_ip": "10.0.3.1",
                            "virtual_router_mac": "00:00:17:1A:CC:E7"
                        },
                        "meta": {
                            "e2bfb730-ecaa-11e6-8f88-34363bc7c4c0": {
                                "create": 900000000000,
                                "delete": 900000000000,
                                "update": 900000000000
                            }
                        },
                        "tainted": false
                    },
                    "deposed": [],
                    "provider": "provider.oci"
                },
                "oci_core_subnet.private.1": {
                    "type": "oci_core_subnet",
                    "depends_on": [
                        "data.oci_identity_availability_domains.ADs",
                        "oci_core_route_table.PrivateRouteTable",
                        "oci_core_security_list.PrivateSubnet",
                        "oci_core_virtual_network.cloudera_vcn"
                    ],
                    "primary": {
                        "id": "ocid1.subnet.oc1.phx.aaaaaaaahqrg7ek4lmhwd7liyzowq6lpuqotl2qtmc4dgbbckafcy6kpu5mq",
                        "attributes": {
                            "availability_domain": "CNEW:PHX-AD-2",
                            "cidr_block": "10.0.4.0/24",
                            "compartment_id": "ocid1.tenancy.oc1..aaaaaaaaci5g3zqpchxwmzlaoli4bxjxurrwrv3yqyhhddm5eh4kgksgfzoa",
                            "defined_tags.%": "0",
                            "dhcp_options_id": "ocid1.dhcpoptions.oc1.phx.aaaaaaaaoomafdvbx64fe4hi5hcakaslqbtqbwqste5tgsujpicwzym4bhua",
                            "display_name": "private_ad2",
                            "dns_label": "private2",
                            "freeform_tags.%": "0",
                            "id": "ocid1.subnet.oc1.phx.aaaaaaaahqrg7ek4lmhwd7liyzowq6lpuqotl2qtmc4dgbbckafcy6kpu5mq",
                            "prohibit_public_ip_on_vnic": "true",
                            "route_table_id": "ocid1.routetable.oc1.phx.aaaaaaaafcfsje3jio6wng6spum54l2vv5bb44y4efqwiezhsmt6cmvj5iha",
                            "security_list_ids.#": "1",
                            "security_list_ids.2366603226": "ocid1.securitylist.oc1.phx.aaaaaaaa7bhnbczbuwtfvkmy7hnlhmewgu45wai3rme4vtrhgp2fpfnl6n2a",
                            "state": "AVAILABLE",
                            "subnet_domain_name": "private2.cdhvcn.oraclevcn.com",
                            "time_created": "2018-12-18 16:13:37.597 +0000 UTC",
                            "vcn_id": "ocid1.vcn.oc1.phx.aaaaaaaakbncx47vpppsanhdge53o773um3tn5nxkazchqcn4oaro6g5cpfa",
                            "virtual_router_ip": "10.0.4.1",
                            "virtual_router_mac": "00:00:17:1A:CC:E7"
                        },
                        "meta": {
                            "e2bfb730-ecaa-11e6-8f88-34363bc7c4c0": {
                                "create": 900000000000,
                                "delete": 900000000000,
                                "update": 900000000000
                            }
                        },
                        "tainted": false
                    },
                    "deposed": [],
                    "provider": "provider.oci"
                },
                "oci_core_subnet.private.2": {
                    "type": "oci_core_subnet",
                    "depends_on": [
                        "data.oci_identity_availability_domains.ADs",
                        "oci_core_route_table.PrivateRouteTable",
                        "oci_core_security_list.PrivateSubnet",
                        "oci_core_virtual_network.cloudera_vcn"
                    ],
                    "primary": {
                        "id": "ocid1.subnet.oc1.phx.aaaaaaaa7ne47cfkfd6jyupfh22m25aaavzqm4owaudltkg2omdyyjxfrrra",
                        "attributes": {
                            "availability_domain": "CNEW:PHX-AD-3",
                            "cidr_block": "10.0.5.0/24",
                            "compartment_id": "ocid1.tenancy.oc1..aaaaaaaaci5g3zqpchxwmzlaoli4bxjxurrwrv3yqyhhddm5eh4kgksgfzoa",
                            "defined_tags.%": "0",
                            "dhcp_options_id": "ocid1.dhcpoptions.oc1.phx.aaaaaaaaoomafdvbx64fe4hi5hcakaslqbtqbwqste5tgsujpicwzym4bhua",
                            "display_name": "private_ad3",
                            "dns_label": "private3",
                            "freeform_tags.%": "0",
                            "id": "ocid1.subnet.oc1.phx.aaaaaaaa7ne47cfkfd6jyupfh22m25aaavzqm4owaudltkg2omdyyjxfrrra",
                            "prohibit_public_ip_on_vnic": "true",
                            "route_table_id": "ocid1.routetable.oc1.phx.aaaaaaaafcfsje3jio6wng6spum54l2vv5bb44y4efqwiezhsmt6cmvj5iha",
                            "security_list_ids.#": "1",
                            "security_list_ids.2366603226": "ocid1.securitylist.oc1.phx.aaaaaaaa7bhnbczbuwtfvkmy7hnlhmewgu45wai3rme4vtrhgp2fpfnl6n2a",
                            "state": "AVAILABLE",
                            "subnet_domain_name": "private3.cdhvcn.oraclevcn.com",
                            "time_created": "2018-12-18 16:13:36.088 +0000 UTC",
                            "vcn_id": "ocid1.vcn.oc1.phx.aaaaaaaakbncx47vpppsanhdge53o773um3tn5nxkazchqcn4oaro6g5cpfa",
                            "virtual_router_ip": "10.0.5.1",
                            "virtual_router_mac": "00:00:17:1A:CC:E7"
                        },
                        "meta": {
                            "e2bfb730-ecaa-11e6-8f88-34363bc7c4c0": {
                                "create": 900000000000,
                                "delete": 900000000000,
                                "update": 900000000000
                            }
                        },
                        "tainted": false
                    },
                    "deposed": [],
                    "provider": "provider.oci"
                },
                "oci_core_subnet.public.0": {
                    "type": "oci_core_subnet",
                    "depends_on": [
                        "data.oci_identity_availability_domains.ADs",
                        "oci_core_route_table.RouteForComplete",
                        "oci_core_security_list.PublicSubnet",
                        "oci_core_virtual_network.cloudera_vcn"
                    ],
                    "primary": {
                        "id": "ocid1.subnet.oc1.phx.aaaaaaaa6dp45ufgpwrgyca7oliyh4refmq53c5p7svwwkpdajxbgxkcxiia",
                        "attributes": {
                            "availability_domain": "CNEW:PHX-AD-1",
                            "cidr_block": "10.0.0.0/24",
                            "compartment_id": "ocid1.tenancy.oc1..aaaaaaaaci5g3zqpchxwmzlaoli4bxjxurrwrv3yqyhhddm5eh4kgksgfzoa",
                            "defined_tags.%": "0",
                            "dhcp_options_id": "ocid1.dhcpoptions.oc1.phx.aaaaaaaaoomafdvbx64fe4hi5hcakaslqbtqbwqste5tgsujpicwzym4bhua",
                            "display_name": "public_ad1",
                            "dns_label": "public1",
                            "freeform_tags.%": "0",
                            "id": "ocid1.subnet.oc1.phx.aaaaaaaa6dp45ufgpwrgyca7oliyh4refmq53c5p7svwwkpdajxbgxkcxiia",
                            "prohibit_public_ip_on_vnic": "false",
                            "route_table_id": "ocid1.routetable.oc1.phx.aaaaaaaabzvwceacrcxgob4x7cnubkvsz5oqksys2thy43ow7zz6itlp3tta",
                            "security_list_ids.#": "1",
                            "security_list_ids.3972784223": "ocid1.securitylist.oc1.phx.aaaaaaaag4nvartn5eqhvrdrfaq5hq7k6xjwjmnyqi5degz5uxyf3xvrsktq",
                            "state": "AVAILABLE",
                            "subnet_domain_name": "public1.cdhvcn.oraclevcn.com",
                            "time_created": "2018-12-18 16:11:36.009 +0000 UTC",
                            "vcn_id": "ocid1.vcn.oc1.phx.aaaaaaaakbncx47vpppsanhdge53o773um3tn5nxkazchqcn4oaro6g5cpfa",
                            "virtual_router_ip": "10.0.0.1",
                            "virtual_router_mac": "00:00:17:1A:CC:E7"
                        },
                        "meta": {
                            "e2bfb730-ecaa-11e6-8f88-34363bc7c4c0": {
                                "create": 900000000000,
                                "delete": 900000000000,
                                "update": 900000000000
                            }
                        },
                        "tainted": false
                    },
                    "deposed": [],
                    "provider": "provider.oci"
                },
                "oci_core_subnet.public.1": {
                    "type": "oci_core_subnet",
                    "depends_on": [
                        "data.oci_identity_availability_domains.ADs",
                        "oci_core_route_table.RouteForComplete",
                        "oci_core_security_list.PublicSubnet",
                        "oci_core_virtual_network.cloudera_vcn"
                    ],
                    "primary": {
                        "id": "ocid1.subnet.oc1.phx.aaaaaaaasdwbwf6czhxvdsrvsmbvz4l5e7qjrizcjcf25klmfvqgwaesm5rq",
                        "attributes": {
                            "availability_domain": "CNEW:PHX-AD-2",
                            "cidr_block": "10.0.1.0/24",
                            "compartment_id": "ocid1.tenancy.oc1..aaaaaaaaci5g3zqpchxwmzlaoli4bxjxurrwrv3yqyhhddm5eh4kgksgfzoa",
                            "defined_tags.%": "0",
                            "dhcp_options_id": "ocid1.dhcpoptions.oc1.phx.aaaaaaaaoomafdvbx64fe4hi5hcakaslqbtqbwqste5tgsujpicwzym4bhua",
                            "display_name": "public_ad2",
                            "dns_label": "public2",
                            "freeform_tags.%": "0",
                            "id": "ocid1.subnet.oc1.phx.aaaaaaaasdwbwf6czhxvdsrvsmbvz4l5e7qjrizcjcf25klmfvqgwaesm5rq",
                            "prohibit_public_ip_on_vnic": "false",
                            "route_table_id": "ocid1.routetable.oc1.phx.aaaaaaaabzvwceacrcxgob4x7cnubkvsz5oqksys2thy43ow7zz6itlp3tta",
                            "security_list_ids.#": "1",
                            "security_list_ids.3972784223": "ocid1.securitylist.oc1.phx.aaaaaaaag4nvartn5eqhvrdrfaq5hq7k6xjwjmnyqi5degz5uxyf3xvrsktq",
                            "state": "AVAILABLE",
                            "subnet_domain_name": "public2.cdhvcn.oraclevcn.com",
                            "time_created": "2018-12-18 16:11:35.825 +0000 UTC",
                            "vcn_id": "ocid1.vcn.oc1.phx.aaaaaaaakbncx47vpppsanhdge53o773um3tn5nxkazchqcn4oaro6g5cpfa",
                            "virtual_router_ip": "10.0.1.1",
                            "virtual_router_mac": "00:00:17:1A:CC:E7"
                        },
                        "meta": {
                            "e2bfb730-ecaa-11e6-8f88-34363bc7c4c0": {
                                "create": 900000000000,
                                "delete": 900000000000,
                                "update": 900000000000
                            }
                        },
                        "tainted": false
                    },
                    "deposed": [],
                    "provider": "provider.oci"
                },
                "oci_core_subnet.public.2": {
                    "type": "oci_core_subnet",
                    "depends_on": [
                        "data.oci_identity_availability_domains.ADs",
                        "oci_core_route_table.RouteForComplete",
                        "oci_core_security_list.PublicSubnet",
                        "oci_core_virtual_network.cloudera_vcn"
                    ],
                    "primary": {
                        "id": "ocid1.subnet.oc1.phx.aaaaaaaahvwp3uatm6yct7l3ijjf4kfh4ixc3qycpz564qm6fqdtrhsl773q",
                        "attributes": {
                            "availability_domain": "CNEW:PHX-AD-3",
                            "cidr_block": "10.0.2.0/24",
                            "compartment_id": "ocid1.tenancy.oc1..aaaaaaaaci5g3zqpchxwmzlaoli4bxjxurrwrv3yqyhhddm5eh4kgksgfzoa",
                            "defined_tags.%": "0",
                            "dhcp_options_id": "ocid1.dhcpoptions.oc1.phx.aaaaaaaaoomafdvbx64fe4hi5hcakaslqbtqbwqste5tgsujpicwzym4bhua",
                            "display_name": "public_ad3",
                            "dns_label": "public3",
                            "freeform_tags.%": "0",
                            "id": "ocid1.subnet.oc1.phx.aaaaaaaahvwp3uatm6yct7l3ijjf4kfh4ixc3qycpz564qm6fqdtrhsl773q",
                            "prohibit_public_ip_on_vnic": "false",
                            "route_table_id": "ocid1.routetable.oc1.phx.aaaaaaaabzvwceacrcxgob4x7cnubkvsz5oqksys2thy43ow7zz6itlp3tta",
                            "security_list_ids.#": "1",
                            "security_list_ids.3972784223": "ocid1.securitylist.oc1.phx.aaaaaaaag4nvartn5eqhvrdrfaq5hq7k6xjwjmnyqi5degz5uxyf3xvrsktq",
                            "state": "AVAILABLE",
                            "subnet_domain_name": "public3.cdhvcn.oraclevcn.com",
                            "time_created": "2018-12-18 16:11:38.564 +0000 UTC",
                            "vcn_id": "ocid1.vcn.oc1.phx.aaaaaaaakbncx47vpppsanhdge53o773um3tn5nxkazchqcn4oaro6g5cpfa",
                            "virtual_router_ip": "10.0.2.1",
                            "virtual_router_mac": "00:00:17:1A:CC:E7"
                        },
                        "meta": {
                            "e2bfb730-ecaa-11e6-8f88-34363bc7c4c0": {
                                "create": 900000000000,
                                "delete": 900000000000,
                                "update": 900000000000
                            }
                        },
                        "tainted": false
                    },
                    "deposed": [],
                    "provider": "provider.oci"
                },
                "oci_core_virtual_network.cloudera_vcn": {
                    "type": "oci_core_virtual_network",
                    "depends_on": [],
                    "primary": {
                        "id": "ocid1.vcn.oc1.phx.aaaaaaaakbncx47vpppsanhdge53o773um3tn5nxkazchqcn4oaro6g5cpfa",
                        "attributes": {
                            "cidr_block": "10.0.0.0/16",
                            "compartment_id": "ocid1.tenancy.oc1..aaaaaaaaci5g3zqpchxwmzlaoli4bxjxurrwrv3yqyhhddm5eh4kgksgfzoa",
                            "default_dhcp_options_id": "ocid1.dhcpoptions.oc1.phx.aaaaaaaaoomafdvbx64fe4hi5hcakaslqbtqbwqste5tgsujpicwzym4bhua",
                            "default_route_table_id": "ocid1.routetable.oc1.phx.aaaaaaaapma32mvzc3upcw3qo7qhnkdiyfus6flgnplftgxcfsa4r36oiasq",
                            "default_security_list_id": "ocid1.securitylist.oc1.phx.aaaaaaaa77ekzxlghrcpvgq55nw6u2wc4joufqcwqbv7rg2n5jczjwkqzmxq",
                            "defined_tags.%": "0",
                            "display_name": "cloudera_vcn",
                            "dns_label": "cdhvcn",
                            "freeform_tags.%": "0",
                            "id": "ocid1.vcn.oc1.phx.aaaaaaaakbncx47vpppsanhdge53o773um3tn5nxkazchqcn4oaro6g5cpfa",
                            "state": "AVAILABLE",
                            "time_created": "2018-12-18 16:11:34.325 +0000 UTC",
                            "vcn_domain_name": "cdhvcn.oraclevcn.com"
                        },
                        "meta": {
                            "e2bfb730-ecaa-11e6-8f88-34363bc7c4c0": {
                                "create": 900000000000,
                                "delete": 900000000000,
                                "update": 900000000000
                            }
                        },
                        "tainted": false
                    },
                    "deposed": [],
                    "provider": "provider.oci"
                }
            },
            "depends_on": []
        }
    ]
}
